
Microsoft Visual Studio Solution File, Format Version 12.00
# Visual Studio Version 16
VisualStudioVersion = 16.0.31729.503
MinimumVisualStudioVersion = 10.0.40219.1
Project("{2150E333-8FDC-42A3-9474-1A3956D46DE8}") = "20211018", "20211018", "{3FB34CB5-28D5-4775-BC51-DFEC74EA85D6}"
EndProject
Project("{FAE04EC0-301F-11D3-BF4B-00C04F79EFBC}") = "StringReferanceType", "StringReferanceType\StringReferanceType.csproj", "{1967673A-4B1E-4E4F-AAEA-F015E7B8104A}"
EndProject
Project("{FAE04EC0-301F-11D3-BF4B-00C04F79EFBC}") = "CharDataType", "CharDataType\CharDataType.csproj", "{F9AE22D3-E58F-4517-99BE-4415BA0BBE76}"
EndProject
Project("{FAE04EC0-301F-11D3-BF4B-00C04F79EFBC}") = "LogicalDataType", "LogicalDataType\LogicalDataType.csproj", "{370D79ED-E411-4526-936E-ED745CB60E25}"
EndProject
Project("{FAE04EC0-301F-11D3-BF4B-00C04F79EFBC}") = "DecimalNumbersDataType", "DecimalNumbersReferanceType\DecimalNumbersDataType.csproj", "{E09AFDE2-8572-448E-8F9A-4139BEB1BA1F}"
EndProject
Project("{FAE04EC0-301F-11D3-BF4B-00C04F79EFBC}") = "IntegerDataTypes", "IntegerDataTypes\IntegerDataTypes.csproj", "{EF620D47-4B80-474B-AB28-8BE046A571B8}"
EndProject
Project("{2150E333-8FDC-42A3-9474-1A3956D46DE8}") = "20211019", "20211019", "{C40EDBE4-827A-4890-A481-15D9536DC1D7}"
EndProject
Project("{2150E333-8FDC-42A3-9474-1A3956D46DE8}") = "20211020", "20211020", "{5B9AC1EC-12C4-4F15-B805-1B0C1C430611}"
EndProject
Project("{2150E333-8FDC-42A3-9474-1A3956D46DE8}") = "20211021", "20211021", "{533F3FE9-CB83-4558-838D-B69A35749CF1}"
EndProject
Project("{2150E333-8FDC-42A3-9474-1A3956D46DE8}") = "20211022", "20211022", "{4CE5C4D9-588F-497D-A3ED-903EDD4E10D1}"
EndProject
Project("{FAE04EC0-301F-11D3-BF4B-00C04F79EFBC}") = "01DataConversion", "DataConversion\01DataConversion.csproj", "{D586E88D-7178-45D3-A3DF-6F187F499BE7}"
EndProject
Project("{FAE04EC0-301F-11D3-BF4B-00C04F79EFBC}") = "00Practices_Environment", "00_Practices_Environment\00Practices_Environment.csproj", "{3CCBE385-10FC-4013-A8C4-BA77D5D43CBF}"
EndProject
Project("{FAE04EC0-301F-11D3-BF4B-00C04F79EFBC}") = "02KararYapilari-IfOrnek", "02KararYapilari-IfOrnek\02KararYapilari-IfOrnek.csproj", "{30782407-B510-47B0-A0B5-7FCEC841F374}"
EndProject
Project("{FAE04EC0-301F-11D3-BF4B-00C04F79EFBC}") = "03KararYapilari-SwitchMevsim", "03KararYapilari-SwitchOrnek\03KararYapilari-SwitchMevsim.csproj", "{51C85BA0-9795-433C-A640-3FED9CE8DA6B}"
EndProject
Project("{FAE04EC0-301F-11D3-BF4B-00C04F79EFBC}") = "04KararYapilari-SwitchMevsim2", "04KararYapilari-SwitchMevsim2\04KararYapilari-SwitchMevsim2.csproj", "{AE05442A-AED6-43FE-9759-97478C17D62E}"
EndProject
Project("{FAE04EC0-301F-11D3-BF4B-00C04F79EFBC}") = "05KararYapilari-GununSozu", "05KararYapilari-GununSozu\05KararYapilari-GununSozu.csproj", "{A01D2B64-9502-4774-98FE-26AF84131B3E}"
EndProject
Global
	GlobalSection(SolutionConfigurationPlatforms) = preSolution
		Debug|Any CPU = Debug|Any CPU
		Release|Any CPU = Release|Any CPU
	EndGlobalSection
	GlobalSection(ProjectConfigurationPlatforms) = postSolution
		{1967673A-4B1E-4E4F-AAEA-F015E7B8104A}.Debug|Any CPU.ActiveCfg = Debug|Any CPU
		{1967673A-4B1E-4E4F-AAEA-F015E7B8104A}.Debug|Any CPU.Build.0 = Debug|Any CPU
		{1967673A-4B1E-4E4F-AAEA-F015E7B8104A}.Release|Any CPU.ActiveCfg = Release|Any CPU
		{1967673A-4B1E-4E4F-AAEA-F015E7B8104A}.Release|Any CPU.Build.0 = Release|Any CPU
		{F9AE22D3-E58F-4517-99BE-4415BA0BBE76}.Debug|Any CPU.ActiveCfg = Debug|Any CPU
		{F9AE22D3-E58F-4517-99BE-4415BA0BBE76}.Debug|Any CPU.Build.0 = Debug|Any CPU
		{F9AE22D3-E58F-4517-99BE-4415BA0BBE76}.Release|Any CPU.ActiveCfg = Release|Any CPU
		{F9AE22D3-E58F-4517-99BE-4415BA0BBE76}.Release|Any CPU.Build.0 = Release|Any CPU
		{370D79ED-E411-4526-936E-ED745CB60E25}.Debug|Any CPU.ActiveCfg = Debug|Any CPU
		{370D79ED-E411-4526-936E-ED745CB60E25}.Debug|Any CPU.Build.0 = Debug|Any CPU
		{370D79ED-E411-4526-936E-ED745CB60E25}.Release|Any CPU.ActiveCfg = Release|Any CPU
		{370D79ED-E411-4526-936E-ED745CB60E25}.Release|Any CPU.Build.0 = Release|Any CPU
		{E09AFDE2-8572-448E-8F9A-4139BEB1BA1F}.Debug|Any CPU.ActiveCfg = Debug|Any CPU
		{E09AFDE2-8572-448E-8F9A-4139BEB1BA1F}.Debug|Any CPU.Build.0 = Debug|Any CPU
		{E09AFDE2-8572-448E-8F9A-4139BEB1BA1F}.Release|Any CPU.ActiveCfg = Release|Any CPU
		{E09AFDE2-8572-448E-8F9A-4139BEB1BA1F}.Release|Any CPU.Build.0 = Release|Any CPU
		{EF620D47-4B80-474B-AB28-8BE046A571B8}.Debug|Any CPU.ActiveCfg = Debug|Any CPU
		{EF620D47-4B80-474B-AB28-8BE046A571B8}.Debug|Any CPU.Build.0 = Debug|Any CPU
		{EF620D47-4B80-474B-AB28-8BE046A571B8}.Release|Any CPU.ActiveCfg = Release|Any CPU
		{EF620D47-4B80-474B-AB28-8BE046A571B8}.Release|Any CPU.Build.0 = Release|Any CPU
		{D586E88D-7178-45D3-A3DF-6F187F499BE7}.Debug|Any CPU.ActiveCfg = Debug|Any CPU
		{D586E88D-7178-45D3-A3DF-6F187F499BE7}.Debug|Any CPU.Build.0 = Debug|Any CPU
		{D586E88D-7178-45D3-A3DF-6F187F499BE7}.Release|Any CPU.ActiveCfg = Release|Any CPU
		{D586E88D-7178-45D3-A3DF-6F187F499BE7}.Release|Any CPU.Build.0 = Release|Any CPU
		{3CCBE385-10FC-4013-A8C4-BA77D5D43CBF}.Debug|Any CPU.ActiveCfg = Debug|Any CPU
		{3CCBE385-10FC-4013-A8C4-BA77D5D43CBF}.Debug|Any CPU.Build.0 = Debug|Any CPU
		{3CCBE385-10FC-4013-A8C4-BA77D5D43CBF}.Release|Any CPU.ActiveCfg = Release|Any CPU
		{3CCBE385-10FC-4013-A8C4-BA77D5D43CBF}.Release|Any CPU.Build.0 = Release|Any CPU
		{30782407-B510-47B0-A0B5-7FCEC841F374}.Debug|Any CPU.ActiveCfg = Debug|Any CPU
		{30782407-B510-47B0-A0B5-7FCEC841F374}.Debug|Any CPU.Build.0 = Debug|Any CPU
		{30782407-B510-47B0-A0B5-7FCEC841F374}.Release|Any CPU.ActiveCfg = Release|Any CPU
		{30782407-B510-47B0-A0B5-7FCEC841F374}.Release|Any CPU.Build.0 = Release|Any CPU
		{51C85BA0-9795-433C-A640-3FED9CE8DA6B}.Debug|Any CPU.ActiveCfg = Debug|Any CPU
		{51C85BA0-9795-433C-A640-3FED9CE8DA6B}.Debug|Any CPU.Build.0 = Debug|Any CPU
		{51C85BA0-9795-433C-A640-3FED9CE8DA6B}.Release|Any CPU.ActiveCfg = Release|Any CPU
		{51C85BA0-9795-433C-A640-3FED9CE8DA6B}.Release|Any CPU.Build.0 = Release|Any CPU
		{AE05442A-AED6-43FE-9759-97478C17D62E}.Debug|Any CPU.ActiveCfg = Debug|Any CPU
		{AE05442A-AED6-43FE-9759-97478C17D62E}.Debug|Any CPU.Build.0 = Debug|Any CPU
		{AE05442A-AED6-43FE-9759-97478C17D62E}.Release|Any CPU.ActiveCfg = Release|Any CPU
		{AE05442A-AED6-43FE-9759-97478C17D62E}.Release|Any CPU.Build.0 = Release|Any CPU
		{A01D2B64-9502-4774-98FE-26AF84131B3E}.Debug|Any CPU.ActiveCfg = Debug|Any CPU
		{A01D2B64-9502-4774-98FE-26AF84131B3E}.Debug|Any CPU.Build.0 = Debug|Any CPU
		{A01D2B64-9502-4774-98FE-26AF84131B3E}.Release|Any CPU.ActiveCfg = Release|Any CPU
		{A01D2B64-9502-4774-98FE-26AF84131B3E}.Release|Any CPU.Build.0 = Release|Any CPU
	EndGlobalSection
	GlobalSection(SolutionProperties) = preSolution
		HideSolutionNode = FALSE
	EndGlobalSection
	GlobalSection(NestedProjects) = preSolution
		{1967673A-4B1E-4E4F-AAEA-F015E7B8104A} = {3FB34CB5-28D5-4775-BC51-DFEC74EA85D6}
		{F9AE22D3-E58F-4517-99BE-4415BA0BBE76} = {3FB34CB5-28D5-4775-BC51-DFEC74EA85D6}
		{370D79ED-E411-4526-936E-ED745CB60E25} = {3FB34CB5-28D5-4775-BC51-DFEC74EA85D6}
		{E09AFDE2-8572-448E-8F9A-4139BEB1BA1F} = {3FB34CB5-28D5-4775-BC51-DFEC74EA85D6}
		{EF620D47-4B80-474B-AB28-8BE046A571B8} = {3FB34CB5-28D5-4775-BC51-DFEC74EA85D6}
		{D586E88D-7178-45D3-A3DF-6F187F499BE7} = {C40EDBE4-827A-4890-A481-15D9536DC1D7}
		{3CCBE385-10FC-4013-A8C4-BA77D5D43CBF} = {C40EDBE4-827A-4890-A481-15D9536DC1D7}
		{30782407-B510-47B0-A0B5-7FCEC841F374} = {C40EDBE4-827A-4890-A481-15D9536DC1D7}
		{51C85BA0-9795-433C-A640-3FED9CE8DA6B} = {C40EDBE4-827A-4890-A481-15D9536DC1D7}
		{AE05442A-AED6-43FE-9759-97478C17D62E} = {C40EDBE4-827A-4890-A481-15D9536DC1D7}
		{A01D2B64-9502-4774-98FE-26AF84131B3E} = {C40EDBE4-827A-4890-A481-15D9536DC1D7}
	EndGlobalSection
	GlobalSection(ExtensibilityGlobals) = postSolution
		SolutionGuid = {47B4F320-1255-4673-BE86-9320C40C0058}
	EndGlobalSection
EndGlobal
