
Microsoft Visual Studio Solution File, Format Version 12.00
# Visual Studio Version 17
VisualStudioVersion = 17.0.31903.59
MinimumVisualStudioVersion = 10.0.40219.1
Project("{2150E333-8FDC-42A3-9474-1A3956D46DE8}") = "20211018", "20211018", "{3FB34CB5-28D5-4775-BC51-DFEC74EA85D6}"
EndProject
Project("{FAE04EC0-301F-11D3-BF4B-00C04F79EFBC}") = "StringReferanceType", "StringReferanceType\StringReferanceType.csproj", "{1967673A-4B1E-4E4F-AAEA-F015E7B8104A}"
EndProject
Project("{FAE04EC0-301F-11D3-BF4B-00C04F79EFBC}") = "CharDataType", "CharDataType\CharDataType.csproj", "{F9AE22D3-E58F-4517-99BE-4415BA0BBE76}"
EndProject
Project("{FAE04EC0-301F-11D3-BF4B-00C04F79EFBC}") = "LogicalDataType", "LogicalDataType\LogicalDataType.csproj", "{370D79ED-E411-4526-936E-ED745CB60E25}"
EndProject
Project("{FAE04EC0-301F-11D3-BF4B-00C04F79EFBC}") = "DecimalNumbersDataType", "DecimalNumbersReferanceType\DecimalNumbersDataType.csproj", "{E09AFDE2-8572-448E-8F9A-4139BEB1BA1F}"
EndProject
Project("{FAE04EC0-301F-11D3-BF4B-00C04F79EFBC}") = "IntegerDataTypes", "IntegerDataTypes\IntegerDataTypes.csproj", "{EF620D47-4B80-474B-AB28-8BE046A571B8}"
EndProject
Project("{2150E333-8FDC-42A3-9474-1A3956D46DE8}") = "20211019", "20211019", "{C40EDBE4-827A-4890-A481-15D9536DC1D7}"
EndProject
Project("{2150E333-8FDC-42A3-9474-1A3956D46DE8}") = "20211020", "20211020", "{5B9AC1EC-12C4-4F15-B805-1B0C1C430611}"
EndProject
Project("{2150E333-8FDC-42A3-9474-1A3956D46DE8}") = "20211021", "20211021", "{533F3FE9-CB83-4558-838D-B69A35749CF1}"
EndProject
Project("{2150E333-8FDC-42A3-9474-1A3956D46DE8}") = "20211022", "20211022", "{4CE5C4D9-588F-497D-A3ED-903EDD4E10D1}"
EndProject
Project("{FAE04EC0-301F-11D3-BF4B-00C04F79EFBC}") = "Enviroment_Example", "Enviroment_Example\Enviroment_Example.csproj", "{3281EDD5-2D4A-4E7D-9827-445A5E6CA2DF}"
EndProject
Project("{FAE04EC0-301F-11D3-BF4B-00C04F79EFBC}") = "01DataConversion", "DataConversion\01DataConversion.csproj", "{D586E88D-7178-45D3-A3DF-6F187F499BE7}"
EndProject
Project("{FAE04EC0-301F-11D3-BF4B-00C04F79EFBC}") = "00Practices_Environment", "00_Practices_Environment\00Practices_Environment.csproj", "{3CCBE385-10FC-4013-A8C4-BA77D5D43CBF}"
EndProject
Project("{FAE04EC0-301F-11D3-BF4B-00C04F79EFBC}") = "02KararYapilari-IfOrnek", "02KararYapilari-IfOrnek\02KararYapilari-IfOrnek.csproj", "{30782407-B510-47B0-A0B5-7FCEC841F374}"
EndProject
Project("{FAE04EC0-301F-11D3-BF4B-00C04F79EFBC}") = "03KararYapilari-SwitchMevsim", "03KararYapilari-SwitchOrnek\03KararYapilari-SwitchMevsim.csproj", "{51C85BA0-9795-433C-A640-3FED9CE8DA6B}"
EndProject
Project("{FAE04EC0-301F-11D3-BF4B-00C04F79EFBC}") = "04KararYapilari-SwitchMevsim2", "04KararYapilari-SwitchMevsim2\04KararYapilari-SwitchMevsim2.csproj", "{AE05442A-AED6-43FE-9759-97478C17D62E}"
EndProject
Project("{FAE04EC0-301F-11D3-BF4B-00C04F79EFBC}") = "05KararYapilari-GununSozu", "05KararYapilari-GununSozu\05KararYapilari-GununSozu.csproj", "{A01D2B64-9502-4774-98FE-26AF84131B3E}"
EndProject
Project("{FAE04EC0-301F-11D3-BF4B-00C04F79EFBC}") = "06WFP-TekMiCiftMi", "06WFP-TekMiCiftMi\06WFP-TekMiCiftMi.csproj", "{84CE219F-8C01-4D59-A173-C17EA37DAEC0}"
EndProject
Project("{FAE04EC0-301F-11D3-BF4B-00C04F79EFBC}") = "00Examples", "00Examples\00Examples.csproj", "{7AD4D962-1D54-43E4-BA05-67FAC916DE90}"
EndProject
Project("{FAE04EC0-301F-11D3-BF4B-00C04F79EFBC}") = "01StringMethods", "01StringMethods\01StringMethods.csproj", "{6771C54E-F374-436F-8C09-3207F31FF7B1}"
EndProject
Project("{FAE04EC0-301F-11D3-BF4B-00C04F79EFBC}") = "02MathMethods", "02MathMethods\02MathMethods.csproj", "{8ECAD860-F93D-447E-A0C1-9836D12DB459}"
EndProject
Project("{FAE04EC0-301F-11D3-BF4B-00C04F79EFBC}") = "03WFA-Intro", "03WFA-Intro\03WFA-Intro.csproj", "{8D10D2F3-2C04-4B03-BA18-10B41B6FA201}"
EndProject
Project("{FAE04EC0-301F-11D3-BF4B-00C04F79EFBC}") = "04TryCatchh", "04TryCatchh\04TryCatchh.csproj", "{833FB042-B972-42C5-8FA6-413318BF3DA5}"
EndProject
Project("{FAE04EC0-301F-11D3-BF4B-00C04F79EFBC}") = "05TryCatch2", "05TryCatch2\05TryCatch2.csproj", "{AE186336-D804-4160-B481-85B9E5F063E5}"
EndProject
Project("{FAE04EC0-301F-11D3-BF4B-00C04F79EFBC}") = "06BreakPoint", "06BreakPoint\06BreakPoint.csproj", "{54A5940F-95DA-46FA-AA4B-C32EACFF75F8}"
EndProject
Project("{FAE04EC0-301F-11D3-BF4B-00C04F79EFBC}") = "07Operators", "07Operators\07Operators.csproj", "{231578AE-5FAF-492A-84D4-219F7304B055}"
EndProject
Project("{FAE04EC0-301F-11D3-BF4B-00C04F79EFBC}") = "01AtYarisi", "01AtYarisi\01AtYarisi.csproj", "{C4FE68F2-49B6-4881-8490-74B14BA0CDA9}"
EndProject
Project("{FAE04EC0-301F-11D3-BF4B-00C04F79EFBC}") = "02RGBColors", "02RGBColors\02RGBColors.csproj", "{D58C8C8A-A5D1-44EC-B9C0-48F6B9AB5C08}"
EndProject
Project("{FAE04EC0-301F-11D3-BF4B-00C04F79EFBC}") = "03VehicleTaxCalculation", "03VehicleTaxCalculation\03VehicleTaxCalculation.csproj", "{6DD7B829-DA93-4B9D-9D99-7C1F2AAD18DE}"
EndProject
Project("{FAE04EC0-301F-11D3-BF4B-00C04F79EFBC}") = "04Loopss", "04Loopss\04Loopss.csproj", "{75E21F63-A785-4CCC-960D-1BF0FBD3F274}"
EndProject
Project("{FAE04EC0-301F-11D3-BF4B-00C04F79EFBC}") = "05SimpleClock", "05SimpleClock\05SimpleClock.csproj", "{E4373553-B96B-4D5C-BB2C-3FDE517B4F9A}"
EndProject
Project("{FAE04EC0-301F-11D3-BF4B-00C04F79EFBC}") = "06CrazyLines-WFA", "06CrazyLines-WFA\06CrazyLines-WFA.csproj", "{7E0E3FF8-8C96-4AA4-801F-9A17E38BF9C2}"
EndProject
Project("{FAE04EC0-301F-11D3-BF4B-00C04F79EFBC}") = "07Arrays", "Arrays\07Arrays.csproj", "{D02C650D-0380-4E45-9B0A-49AF3BF23FE1}"
EndProject
Project("{FAE04EC0-301F-11D3-BF4B-00C04F79EFBC}") = "00Discount", "00Discount\00Discount.csproj", "{6BCF7710-73B5-44D9-BBBF-A15D9E14AC71}"
EndProject
Project("{FAE04EC0-301F-11D3-BF4B-00C04F79EFBC}") = "01Islem", "01Islem\01Islem.csproj", "{7C90BEFA-DC19-4A8C-957F-5759288F0ECA}"
EndProject
Project("{FAE04EC0-301F-11D3-BF4B-00C04F79EFBC}") = "02FibonacciArray", "02FibonacciArray\02FibonacciArray.csproj", "{9B260041-EB77-4E34-99FB-AED2E86371C7}"
EndProject
Project("{FAE04EC0-301F-11D3-BF4B-00C04F79EFBC}") = "03ArrayHesaplamalar", "03ArrayHesaplamalar\03ArrayHesaplamalar.csproj", "{05D51754-3E63-4209-A099-DF07AF6C9BB0}"
EndProject
Project("{FAE04EC0-301F-11D3-BF4B-00C04F79EFBC}") = "04ArrayMethods", "04ArrayMethods\04ArrayMethods.csproj", "{6E0873AB-5546-4D3D-B2A3-6C91BD3124B0}"
EndProject
Project("{FAE04EC0-301F-11D3-BF4B-00C04F79EFBC}") = "05BreakAndContinue", "05BreakAndContinue\05BreakAndContinue.csproj", "{DB4D3347-A469-45BB-B68C-4122CBCE5C48}"
EndProject
Project("{FAE04EC0-301F-11D3-BF4B-00C04F79EFBC}") = "06ArrayMethods", "06ArrayMethods\06ArrayMethods.csproj", "{9EE44D7A-C465-4F4C-9DB6-2A6AF07FA179}"
EndProject
Project("{FAE04EC0-301F-11D3-BF4B-00C04F79EFBC}") = "07ZarOdevi", "07ZarOdevi\07ZarOdevi.csproj", "{9330C761-FD6E-43F9-A64E-B6886E3DAE30}"
EndProject
Project("{2150E333-8FDC-42A3-9474-1A3956D46DE8}") = "20211025", "20211025", "{85B761D8-A1A4-435A-B452-7FDF50206174}"
EndProject
Project("{FAE04EC0-301F-11D3-BF4B-00C04F79EFBC}") = "00ArrayWorks", "00ArrayWorks\00ArrayWorks.csproj", "{BE9EB0FE-215A-4EE5-BF02-11D3C1BB7416}"
EndProject
Project("{FAE04EC0-301F-11D3-BF4B-00C04F79EFBC}") = "01OdevOgrenciKayit", "01OdevOgrenciKayit\01OdevOgrenciKayit.csproj", "{C606EC80-2E69-4782-A4C1-B3F741850168}"
EndProject
Project("{FAE04EC0-301F-11D3-BF4B-00C04F79EFBC}") = "02StringMetotlar", "02StringMetotlar\02StringMetotlar.csproj", "{76464B80-5E19-4E33-9EF5-C86A711D010E}"
EndProject
Project("{FAE04EC0-301F-11D3-BF4B-00C04F79EFBC}") = "03StringMetotProje", "03StringMetotProje\03StringMetotProje.csproj", "{15D41349-7248-4641-ACB4-49CF026AC88C}"
EndProject
Project("{FAE04EC0-301F-11D3-BF4B-00C04F79EFBC}") = "04IsimGizleme", "04IsimGizleme\04IsimGizleme.csproj", "{71839778-16E0-425C-9335-54D54AF9D482}"
EndProject
Project("{FAE04EC0-301F-11D3-BF4B-00C04F79EFBC}") = "05CharMetotlari", "05CharMetotlari\05CharMetotlari.csproj", "{9BD990CD-586B-4019-B169-543294D3C1E5}"
EndProject
Project("{FAE04EC0-301F-11D3-BF4B-00C04F79EFBC}") = "06StringMetotExcercises", "06StringMetotExcercises\06StringMetotExcercises.csproj", "{45A85D09-839C-4312-B862-4BF87A35D98E}"
EndProject
Project("{2150E333-8FDC-42A3-9474-1A3956D46DE8}") = "20211026", "20211026", "{BA8D02F0-2BB7-4841-B845-442D2F91BE0E}"
EndProject
Project("{FAE04EC0-301F-11D3-BF4B-00C04F79EFBC}") = "00DateTimeExamples", "00DateTimeExamples\00DateTimeExamples.csproj", "{37653E8A-9B18-48A5-9F7D-A4B0A0C7D63A}"
EndProject
Project("{FAE04EC0-301F-11D3-BF4B-00C04F79EFBC}") = "01YasHesaplama", "01YasHesaplama\01YasHesaplama.csproj", "{4693D546-DF96-40D9-891F-3A752FC90C27}"
EndProject
Project("{FAE04EC0-301F-11D3-BF4B-00C04F79EFBC}") = "02ListWorks", "02ListWorks\02ListWorks.csproj", "{5DE4533C-23AB-47BC-AD00-26BDD987EB91}"
EndProject
Project("{FAE04EC0-301F-11D3-BF4B-00C04F79EFBC}") = "03MetotlarCalisma", "03MetotlarCalisma\03MetotlarCalisma.csproj", "{CE1791EE-7B06-4761-A043-3C0E4DD2BB80}"
EndProject
Project("{FAE04EC0-301F-11D3-BF4B-00C04F79EFBC}") = "04MetotOdevler", "04MetotOdevler\04MetotOdevler.csproj", "{9B85C346-861F-456E-A59B-13C5D13DA058}"
EndProject
Project("{2150E333-8FDC-42A3-9474-1A3956D46DE8}") = "20211027", "20211027", "{6D94BFD8-A007-4E1E-A2AD-D19C01C63D26}"
EndProject
Project("{FAE04EC0-301F-11D3-BF4B-00C04F79EFBC}") = "00ListArrayExamples", "00ListArrayExamples\00ListArrayExamples.csproj", "{1A8E6E5E-C9AB-4C28-90C3-00F0A084B96F}"
EndProject
Project("{FAE04EC0-301F-11D3-BF4B-00C04F79EFBC}") = "01MetotExcercises", "01MetotExcercises\01MetotExcercises.csproj", "{4DBE3C75-6A19-44EB-B35C-54B9E5774B90}"
EndProject
Project("{FAE04EC0-301F-11D3-BF4B-00C04F79EFBC}") = "02MethodOverloading", "02MethodOverloading\02MethodOverloading.csproj", "{D89D3016-F815-43C6-B24D-CDD9FBB37C3E}"
EndProject
Project("{FAE04EC0-301F-11D3-BF4B-00C04F79EFBC}") = "03Params", "03Params\03Params.csproj", "{C21BB8DC-BD1E-4494-B13E-4125BE2CA0B3}"
EndProject
Project("{FAE04EC0-301F-11D3-BF4B-00C04F79EFBC}") = "04RefKeyWord", "04RefKeyWord\04RefKeyWord.csproj", "{5B04B1B0-BF54-49C9-BC3E-9A1FF9C02040}"
EndProject
Project("{FAE04EC0-301F-11D3-BF4B-00C04F79EFBC}") = "05OutKeyWords", "05OutKeyWords\05OutKeyWords.csproj", "{EB4FB21A-F2CC-4155-84CB-0271F2F810C9}"
EndProject
Project("{FAE04EC0-301F-11D3-BF4B-00C04F79EFBC}") = "06ExtensionMetot", "06ExtensionMetot\06ExtensionMetot.csproj", "{091F3577-83CA-45CA-BCE3-7E91BC10E962}"
EndProject
Project("{2150E333-8FDC-42A3-9474-1A3956D46DE8}") = "20211028_ODEV", "20211028_ODEV", "{1D53AEB8-DAE3-4707-8866-99C79815FC05}"
EndProject
Project("{FAE04EC0-301F-11D3-BF4B-00C04F79EFBC}") = "00SekilOdevleri", "00SekilOdevleri\00SekilOdevleri.csproj", "{86ADFB26-A21B-4ED2-B060-19607F08188F}"
EndProject
Project("{FAE04EC0-301F-11D3-BF4B-00C04F79EFBC}") = "01TEKRAR", "01TEKRAR\01TEKRAR.csproj", "{21AD52F3-95C1-4ED4-AEE6-C4B98B6547D1}"
EndProject
Project("{2150E333-8FDC-42A3-9474-1A3956D46DE8}") = "20211101", "20211101", "{4E83C4A0-C549-40F7-8548-C8002E3014F2}"
EndProject
Project("{FAE04EC0-301F-11D3-BF4B-00C04F79EFBC}") = "00PracticeMethods", "00PracticeMethods\00PracticeMethods.csproj", "{5CE19A5A-AC81-472D-83C1-6A0FDC9411ED}"
EndProject
Project("{FAE04EC0-301F-11D3-BF4B-00C04F79EFBC}") = "01MetotExcercise", "01MetotExcercise\01MetotExcercise.csproj", "{4490C039-01DC-49AF-8941-212EA8A69955}"
EndProject
Project("{FAE04EC0-301F-11D3-BF4B-00C04F79EFBC}") = "02ListPractice", "02ListPractice\02ListPractice.csproj", "{E2FA5393-8BF6-4C9F-98E9-3F36D6A0714D}"
EndProject
Project("{FAE04EC0-301F-11D3-BF4B-00C04F79EFBC}") = "03DictionaryGiris", "03DictionaryGiris\03DictionaryGiris.csproj", "{485FD9B9-9BFF-400E-80BE-D46F06114A62}"
EndProject
Project("{2150E333-8FDC-42A3-9474-1A3956D46DE8}") = "20211102", "20211102", "{6D3E7C28-2CAB-4D60-9C0B-C4B852B8669E}"
EndProject
Project("{FAE04EC0-301F-11D3-BF4B-00C04F79EFBC}") = "00DictionaryUygulama", "00DictionaryUygulama\00DictionaryUygulama.csproj", "{D4C46E88-4584-4028-93E5-B3C3AB1A9DD2}"
EndProject
Project("{FAE04EC0-301F-11D3-BF4B-00C04F79EFBC}") = "01WFAPasswordGenerator", "01WFAPasswordGenerator\01WFAPasswordGenerator.csproj", "{C2714DAE-78A1-45DE-A4A2-6FAF01FF0241}"
EndProject
Project("{FAE04EC0-301F-11D3-BF4B-00C04F79EFBC}") = "02HashSetCalisma", "02HashSetCalisma\02HashSetCalisma.csproj", "{364B5FC9-8247-480E-BFBB-C91F33CCF679}"
EndProject
Project("{FAE04EC0-301F-11D3-BF4B-00C04F79EFBC}") = "03RecursionCalisma", "03RecursionCalisma\03RecursionCalisma.csproj", "{AFD04B5D-60FB-493F-AD08-018A463539F1}"
EndProject
Project("{FAE04EC0-301F-11D3-BF4B-00C04F79EFBC}") = "04RecursiveExcercise", "04RecursiveExcercise\04RecursiveExcercise.csproj", "{E56551AA-91A0-413F-9DB8-C1772098529C}"
EndProject
Project("{FAE04EC0-301F-11D3-BF4B-00C04F79EFBC}") = "05IsimliArgumanlar", "IsimliArgumanlar\05IsimliArgumanlar.csproj", "{DA62A65A-A0C0-4ABD-AEE4-185DA97ECB3C}"
EndProject
Project("{FAE04EC0-301F-11D3-BF4B-00C04F79EFBC}") = "06OpsiyonelArgumanlar", "06OpsiyonelArgumanlar\06OpsiyonelArgumanlar.csproj", "{449653CE-AC5E-452B-A7BA-6D2C2BC248D6}"
EndProject
Project("{FAE04EC0-301F-11D3-BF4B-00C04F79EFBC}") = "07OOPGiris", "07OOPGiris\07OOPGiris.csproj", "{08D4B777-31D1-4235-AA90-AB8E2818031B}"
EndProject
Project("{FAE04EC0-301F-11D3-BF4B-00C04F79EFBC}") = "08OOP", "08OOP\08OOP.csproj", "{D221F89B-8319-48FD-833F-A852FB6352CA}"
EndProject
Project("{2150E333-8FDC-42A3-9474-1A3956D46DE8}") = "20211103", "20211103", "{972230EB-91B5-455D-AF16-41A76FBAF8A4}"
EndProject
Project("{FAE04EC0-301F-11D3-BF4B-00C04F79EFBC}") = "01OOPGiris-I", "01OOPGiris-I\01OOPGiris-I.csproj", "{3A6E3A86-930C-470E-91E6-533C3BE16E0F}"
EndProject
Project("{FAE04EC0-301F-11D3-BF4B-00C04F79EFBC}") = "01OOPGiris-II", "01OOPGiris-II\01OOPGiris-II.csproj", "{8D664D63-3F3A-4816-B92D-14952E4A1619}"
EndProject
Project("{FAE04EC0-301F-11D3-BF4B-00C04F79EFBC}") = "02PersonelKayitApp", "02PersonelKayitApp\02PersonelKayitApp.csproj", "{C4B7EAE0-1E2B-4927-8CF8-60E013699528}"
EndProject
Project("{FAE04EC0-301F-11D3-BF4B-00C04F79EFBC}") = "03OOPGiris-III-Encapsulation", "03OOPGiris-III\03OOPGiris-III-Encapsulation.csproj", "{D7F80922-9217-42D6-8D41-6CEB4BFDD7CF}"
EndProject
Project("{FAE04EC0-301F-11D3-BF4B-00C04F79EFBC}") = "04OOPProperties", "04OOPProperties\04OOPProperties.csproj", "{989EEDFD-DECA-4406-A9BD-38889035FFB2}"
EndProject
Project("{FAE04EC0-301F-11D3-BF4B-00C04F79EFBC}") = "05TelefonRehberi", "05TelefonRehberi\05TelefonRehberi.csproj", "{92DDDF82-E116-4955-8D34-530B7D0D941B}"
EndProject
Project("{FAE04EC0-301F-11D3-BF4B-00C04F79EFBC}") = "06JSONDeseriailizeSerialize", "06JSONDeseriailizeSerialize\06JSONDeseriailizeSerialize.csproj", "{75A699B6-16BF-4FF9-A05B-F1384C5C8ACE}"
EndProject
Project("{2150E333-8FDC-42A3-9474-1A3956D46DE8}") = "20211104", "20211104", "{3BCE4A42-3590-4168-A71B-2B3B430D77CB}"
EndProject
Project("{FAE04EC0-301F-11D3-BF4B-00C04F79EFBC}") = "00HayvanlarAlemiInheritance", "00HayvanlarAlemiInheritance\00HayvanlarAlemiInheritance.csproj", "{7D912760-ED7A-40DA-BBDF-8374DD01216A}"
EndProject
Project("{2150E333-8FDC-42A3-9474-1A3956D46DE8}") = "20211105", "20211105", "{8C8D7C3F-D786-4905-85CD-AD7E7CCC9ABE}"
EndProject
Project("{FAE04EC0-301F-11D3-BF4B-00C04F79EFBC}") = "00AccessModifiers", "00AccessModifiers\00AccessModifiers.csproj", "{A6F70B49-6A4D-4ED1-927A-FC83B3AB0322}"
EndProject
Project("{FAE04EC0-301F-11D3-BF4B-00C04F79EFBC}") = "01HayvanBaseClass", "01HayvanBaseClass\01HayvanBaseClass.csproj", "{CF79984A-E9AC-443E-8227-D9ABA51B4C6B}"
EndProject
Project("{FAE04EC0-301F-11D3-BF4B-00C04F79EFBC}") = "02ReferenceTypeValueType", "02ReferenceTypeValueType\02ReferenceTypeValueType.csproj", "{5A188419-0BC6-4B6D-856F-425535B2BE4C}"
EndProject
Project("{FAE04EC0-301F-11D3-BF4B-00C04F79EFBC}") = "03BoxingUnboxing", "03BoxingUnboxing\03BoxingUnboxing.csproj", "{DD61A3E5-DE84-4477-B398-272B31AD7EDA}"
EndProject
Project("{FAE04EC0-301F-11D3-BF4B-00C04F79EFBC}") = "04AbstractionSekillerDunyasi", "04AbstractionSekillerDunyasi\04AbstractionSekillerDunyasi.csproj", "{5F3C1396-0DFE-4D49-919B-DF94142E647F}"
EndProject
Project("{2150E333-8FDC-42A3-9474-1A3956D46DE8}") = "20211109", "20211109", "{BC956C14-6F87-4BD7-8DC5-84CAD0B139E6}"
EndProject
Project("{2150E333-8FDC-42A3-9474-1A3956D46DE8}") = "20211110", "20211110", "{4DDD004E-E28B-4C6A-AE4F-75AFA99920D4}"
EndProject
Project("{FAE04EC0-301F-11D3-BF4B-00C04F79EFBC}") = "00_OOPTekrarTeori", "00_OOPTekrarExcercises\00_OOPTekrarTeori.csproj", "{09087636-32A2-453B-8C5F-DA682F98995D}"
EndProject
Project("{FAE04EC0-301F-11D3-BF4B-00C04F79EFBC}") = "01PhoneSounds", "01PhoneSounds\01PhoneSounds.csproj", "{A92518F1-4505-434B-89A3-05E3AD80B637}"
EndProject
Project("{FAE04EC0-301F-11D3-BF4B-00C04F79EFBC}") = "02PhoneSoundsApp", "02PhoneSoundsApp\02PhoneSoundsApp.csproj", "{DA83D93A-392F-4BB1-A17C-020F93579EFB}"
EndProject
Project("{FAE04EC0-301F-11D3-BF4B-00C04F79EFBC}") = "03AbstractionNeGiyeyim", "03AbstractionNeGiyeyim\03AbstractionNeGiyeyim.csproj", "{A74D3750-2A31-4CE1-BAA0-B311E5F6C190}"
EndProject
Project("{FAE04EC0-301F-11D3-BF4B-00C04F79EFBC}") = "04IComparableOrnek", "04IComparableOrnek\04IComparableOrnek.csproj", "{DAC21083-7CAA-4D40-B566-0076C257EF96}"
EndProject
Project("{FAE04EC0-301F-11D3-BF4B-00C04F79EFBC}") = "00Enums", "00Enums\00Enums.csproj", "{B17AED0B-310E-4C84-B532-552D92563895}"
EndProject
Project("{FAE04EC0-301F-11D3-BF4B-00C04F79EFBC}") = "01EnumOrnek", "01EnumOrnek\01EnumOrnek.csproj", "{7BA12353-5469-4C12-A55D-D4FEE5B1844F}"
EndProject
Project("{FAE04EC0-301F-11D3-BF4B-00C04F79EFBC}") = "02EnumOdev", "02EnumOdev\02EnumOdev.csproj", "{0B3F8D88-2FD9-4FF8-8341-2BD691371A79}"
EndProject
Project("{FAE04EC0-301F-11D3-BF4B-00C04F79EFBC}") = "03IEnumerableGiris", "03IEnumerableGiris\03IEnumerableGiris.csproj", "{CC597A76-E66A-439E-A6A8-EE49983FEED2}"
EndProject
Project("{FAE04EC0-301F-11D3-BF4B-00C04F79EFBC}") = "04IEnumerableOrnek1", "04IEnumerableOrnek1\04IEnumerableOrnek1.csproj", "{35A18156-B70D-4D45-8F7F-060F06090A8E}"
EndProject
Project("{FAE04EC0-301F-11D3-BF4B-00C04F79EFBC}") = "05IENumerableOrnek2", "05IENumerableOrnek2\05IENumerableOrnek2.csproj", "{486F1BCC-E30A-46F9-8E90-2023C282DB73}"
EndProject
Project("{FAE04EC0-301F-11D3-BF4B-00C04F79EFBC}") = "06IEnumerableOrnek3", "06IEnumerableOrnek3\06IEnumerableOrnek3.csproj", "{4ACF135C-6D3C-4AC7-9C03-3D4CE1CF170C}"
EndProject
Project("{2150E333-8FDC-42A3-9474-1A3956D46DE8}") = "20211111", "20211111", "{33A20785-2A1A-4B48-8ECE-9D650964C417}"
EndProject
Project("{FAE04EC0-301F-11D3-BF4B-00C04F79EFBC}") = "00IComperableTakim", "IComperableTakim\00IComperableTakim.csproj", "{83CBD60E-46C1-41AC-AE3D-BC606BBFF283}"
EndProject
Project("{FAE04EC0-301F-11D3-BF4B-00C04F79EFBC}") = "01IComperableSomething", "01IComperableSomething\01IComperableSomething.csproj", "{311A5A04-0046-489E-9D02-46E5348C6C94}"
EndProject
Global
	GlobalSection(SolutionConfigurationPlatforms) = preSolution
		Debug|Any CPU = Debug|Any CPU
		Release|Any CPU = Release|Any CPU
	EndGlobalSection
	GlobalSection(ProjectConfigurationPlatforms) = postSolution
		{1967673A-4B1E-4E4F-AAEA-F015E7B8104A}.Debug|Any CPU.ActiveCfg = Debug|Any CPU
		{1967673A-4B1E-4E4F-AAEA-F015E7B8104A}.Debug|Any CPU.Build.0 = Debug|Any CPU
		{1967673A-4B1E-4E4F-AAEA-F015E7B8104A}.Release|Any CPU.ActiveCfg = Release|Any CPU
		{1967673A-4B1E-4E4F-AAEA-F015E7B8104A}.Release|Any CPU.Build.0 = Release|Any CPU
		{F9AE22D3-E58F-4517-99BE-4415BA0BBE76}.Debug|Any CPU.ActiveCfg = Debug|Any CPU
		{F9AE22D3-E58F-4517-99BE-4415BA0BBE76}.Debug|Any CPU.Build.0 = Debug|Any CPU
		{F9AE22D3-E58F-4517-99BE-4415BA0BBE76}.Release|Any CPU.ActiveCfg = Release|Any CPU
		{F9AE22D3-E58F-4517-99BE-4415BA0BBE76}.Release|Any CPU.Build.0 = Release|Any CPU
		{370D79ED-E411-4526-936E-ED745CB60E25}.Debug|Any CPU.ActiveCfg = Debug|Any CPU
		{370D79ED-E411-4526-936E-ED745CB60E25}.Debug|Any CPU.Build.0 = Debug|Any CPU
		{370D79ED-E411-4526-936E-ED745CB60E25}.Release|Any CPU.ActiveCfg = Release|Any CPU
		{370D79ED-E411-4526-936E-ED745CB60E25}.Release|Any CPU.Build.0 = Release|Any CPU
		{E09AFDE2-8572-448E-8F9A-4139BEB1BA1F}.Debug|Any CPU.ActiveCfg = Debug|Any CPU
		{E09AFDE2-8572-448E-8F9A-4139BEB1BA1F}.Debug|Any CPU.Build.0 = Debug|Any CPU
		{E09AFDE2-8572-448E-8F9A-4139BEB1BA1F}.Release|Any CPU.ActiveCfg = Release|Any CPU
		{E09AFDE2-8572-448E-8F9A-4139BEB1BA1F}.Release|Any CPU.Build.0 = Release|Any CPU
		{EF620D47-4B80-474B-AB28-8BE046A571B8}.Debug|Any CPU.ActiveCfg = Debug|Any CPU
		{EF620D47-4B80-474B-AB28-8BE046A571B8}.Debug|Any CPU.Build.0 = Debug|Any CPU
		{EF620D47-4B80-474B-AB28-8BE046A571B8}.Release|Any CPU.ActiveCfg = Release|Any CPU
		{EF620D47-4B80-474B-AB28-8BE046A571B8}.Release|Any CPU.Build.0 = Release|Any CPU
		{3281EDD5-2D4A-4E7D-9827-445A5E6CA2DF}.Debug|Any CPU.ActiveCfg = Debug|Any CPU
		{3281EDD5-2D4A-4E7D-9827-445A5E6CA2DF}.Debug|Any CPU.Build.0 = Debug|Any CPU
		{3281EDD5-2D4A-4E7D-9827-445A5E6CA2DF}.Release|Any CPU.ActiveCfg = Release|Any CPU
		{3281EDD5-2D4A-4E7D-9827-445A5E6CA2DF}.Release|Any CPU.Build.0 = Release|Any CPU
		{D586E88D-7178-45D3-A3DF-6F187F499BE7}.Debug|Any CPU.ActiveCfg = Debug|Any CPU
		{D586E88D-7178-45D3-A3DF-6F187F499BE7}.Debug|Any CPU.Build.0 = Debug|Any CPU
		{D586E88D-7178-45D3-A3DF-6F187F499BE7}.Release|Any CPU.ActiveCfg = Release|Any CPU
		{D586E88D-7178-45D3-A3DF-6F187F499BE7}.Release|Any CPU.Build.0 = Release|Any CPU
		{3CCBE385-10FC-4013-A8C4-BA77D5D43CBF}.Debug|Any CPU.ActiveCfg = Debug|Any CPU
		{3CCBE385-10FC-4013-A8C4-BA77D5D43CBF}.Debug|Any CPU.Build.0 = Debug|Any CPU
		{3CCBE385-10FC-4013-A8C4-BA77D5D43CBF}.Release|Any CPU.ActiveCfg = Release|Any CPU
		{3CCBE385-10FC-4013-A8C4-BA77D5D43CBF}.Release|Any CPU.Build.0 = Release|Any CPU
		{30782407-B510-47B0-A0B5-7FCEC841F374}.Debug|Any CPU.ActiveCfg = Debug|Any CPU
		{30782407-B510-47B0-A0B5-7FCEC841F374}.Debug|Any CPU.Build.0 = Debug|Any CPU
		{30782407-B510-47B0-A0B5-7FCEC841F374}.Release|Any CPU.ActiveCfg = Release|Any CPU
		{30782407-B510-47B0-A0B5-7FCEC841F374}.Release|Any CPU.Build.0 = Release|Any CPU
		{51C85BA0-9795-433C-A640-3FED9CE8DA6B}.Debug|Any CPU.ActiveCfg = Debug|Any CPU
		{51C85BA0-9795-433C-A640-3FED9CE8DA6B}.Debug|Any CPU.Build.0 = Debug|Any CPU
		{51C85BA0-9795-433C-A640-3FED9CE8DA6B}.Release|Any CPU.ActiveCfg = Release|Any CPU
		{51C85BA0-9795-433C-A640-3FED9CE8DA6B}.Release|Any CPU.Build.0 = Release|Any CPU
		{AE05442A-AED6-43FE-9759-97478C17D62E}.Debug|Any CPU.ActiveCfg = Debug|Any CPU
		{AE05442A-AED6-43FE-9759-97478C17D62E}.Debug|Any CPU.Build.0 = Debug|Any CPU
		{AE05442A-AED6-43FE-9759-97478C17D62E}.Release|Any CPU.ActiveCfg = Release|Any CPU
		{AE05442A-AED6-43FE-9759-97478C17D62E}.Release|Any CPU.Build.0 = Release|Any CPU
		{A01D2B64-9502-4774-98FE-26AF84131B3E}.Debug|Any CPU.ActiveCfg = Debug|Any CPU
		{A01D2B64-9502-4774-98FE-26AF84131B3E}.Debug|Any CPU.Build.0 = Debug|Any CPU
		{A01D2B64-9502-4774-98FE-26AF84131B3E}.Release|Any CPU.ActiveCfg = Release|Any CPU
		{A01D2B64-9502-4774-98FE-26AF84131B3E}.Release|Any CPU.Build.0 = Release|Any CPU
		{84CE219F-8C01-4D59-A173-C17EA37DAEC0}.Debug|Any CPU.ActiveCfg = Debug|Any CPU
		{84CE219F-8C01-4D59-A173-C17EA37DAEC0}.Debug|Any CPU.Build.0 = Debug|Any CPU
		{84CE219F-8C01-4D59-A173-C17EA37DAEC0}.Release|Any CPU.ActiveCfg = Release|Any CPU
		{84CE219F-8C01-4D59-A173-C17EA37DAEC0}.Release|Any CPU.Build.0 = Release|Any CPU
		{7AD4D962-1D54-43E4-BA05-67FAC916DE90}.Debug|Any CPU.ActiveCfg = Debug|Any CPU
		{7AD4D962-1D54-43E4-BA05-67FAC916DE90}.Debug|Any CPU.Build.0 = Debug|Any CPU
		{7AD4D962-1D54-43E4-BA05-67FAC916DE90}.Release|Any CPU.ActiveCfg = Release|Any CPU
		{7AD4D962-1D54-43E4-BA05-67FAC916DE90}.Release|Any CPU.Build.0 = Release|Any CPU
		{6771C54E-F374-436F-8C09-3207F31FF7B1}.Debug|Any CPU.ActiveCfg = Debug|Any CPU
		{6771C54E-F374-436F-8C09-3207F31FF7B1}.Debug|Any CPU.Build.0 = Debug|Any CPU
		{6771C54E-F374-436F-8C09-3207F31FF7B1}.Release|Any CPU.ActiveCfg = Release|Any CPU
		{6771C54E-F374-436F-8C09-3207F31FF7B1}.Release|Any CPU.Build.0 = Release|Any CPU
		{8ECAD860-F93D-447E-A0C1-9836D12DB459}.Debug|Any CPU.ActiveCfg = Debug|Any CPU
		{8ECAD860-F93D-447E-A0C1-9836D12DB459}.Debug|Any CPU.Build.0 = Debug|Any CPU
		{8ECAD860-F93D-447E-A0C1-9836D12DB459}.Release|Any CPU.ActiveCfg = Release|Any CPU
		{8ECAD860-F93D-447E-A0C1-9836D12DB459}.Release|Any CPU.Build.0 = Release|Any CPU
		{8D10D2F3-2C04-4B03-BA18-10B41B6FA201}.Debug|Any CPU.ActiveCfg = Debug|Any CPU
		{8D10D2F3-2C04-4B03-BA18-10B41B6FA201}.Debug|Any CPU.Build.0 = Debug|Any CPU
		{8D10D2F3-2C04-4B03-BA18-10B41B6FA201}.Release|Any CPU.ActiveCfg = Release|Any CPU
		{8D10D2F3-2C04-4B03-BA18-10B41B6FA201}.Release|Any CPU.Build.0 = Release|Any CPU
		{833FB042-B972-42C5-8FA6-413318BF3DA5}.Debug|Any CPU.ActiveCfg = Debug|Any CPU
		{833FB042-B972-42C5-8FA6-413318BF3DA5}.Debug|Any CPU.Build.0 = Debug|Any CPU
		{833FB042-B972-42C5-8FA6-413318BF3DA5}.Release|Any CPU.ActiveCfg = Release|Any CPU
		{833FB042-B972-42C5-8FA6-413318BF3DA5}.Release|Any CPU.Build.0 = Release|Any CPU
		{AE186336-D804-4160-B481-85B9E5F063E5}.Debug|Any CPU.ActiveCfg = Debug|Any CPU
		{AE186336-D804-4160-B481-85B9E5F063E5}.Debug|Any CPU.Build.0 = Debug|Any CPU
		{AE186336-D804-4160-B481-85B9E5F063E5}.Release|Any CPU.ActiveCfg = Release|Any CPU
		{AE186336-D804-4160-B481-85B9E5F063E5}.Release|Any CPU.Build.0 = Release|Any CPU
		{54A5940F-95DA-46FA-AA4B-C32EACFF75F8}.Debug|Any CPU.ActiveCfg = Debug|Any CPU
		{54A5940F-95DA-46FA-AA4B-C32EACFF75F8}.Debug|Any CPU.Build.0 = Debug|Any CPU
		{54A5940F-95DA-46FA-AA4B-C32EACFF75F8}.Release|Any CPU.ActiveCfg = Release|Any CPU
		{54A5940F-95DA-46FA-AA4B-C32EACFF75F8}.Release|Any CPU.Build.0 = Release|Any CPU
		{231578AE-5FAF-492A-84D4-219F7304B055}.Debug|Any CPU.ActiveCfg = Debug|Any CPU
		{231578AE-5FAF-492A-84D4-219F7304B055}.Debug|Any CPU.Build.0 = Debug|Any CPU
		{231578AE-5FAF-492A-84D4-219F7304B055}.Release|Any CPU.ActiveCfg = Release|Any CPU
		{231578AE-5FAF-492A-84D4-219F7304B055}.Release|Any CPU.Build.0 = Release|Any CPU
		{C4FE68F2-49B6-4881-8490-74B14BA0CDA9}.Debug|Any CPU.ActiveCfg = Debug|Any CPU
		{C4FE68F2-49B6-4881-8490-74B14BA0CDA9}.Debug|Any CPU.Build.0 = Debug|Any CPU
		{C4FE68F2-49B6-4881-8490-74B14BA0CDA9}.Release|Any CPU.ActiveCfg = Release|Any CPU
		{C4FE68F2-49B6-4881-8490-74B14BA0CDA9}.Release|Any CPU.Build.0 = Release|Any CPU
		{D58C8C8A-A5D1-44EC-B9C0-48F6B9AB5C08}.Debug|Any CPU.ActiveCfg = Debug|Any CPU
		{D58C8C8A-A5D1-44EC-B9C0-48F6B9AB5C08}.Debug|Any CPU.Build.0 = Debug|Any CPU
		{D58C8C8A-A5D1-44EC-B9C0-48F6B9AB5C08}.Release|Any CPU.ActiveCfg = Release|Any CPU
		{D58C8C8A-A5D1-44EC-B9C0-48F6B9AB5C08}.Release|Any CPU.Build.0 = Release|Any CPU
		{6DD7B829-DA93-4B9D-9D99-7C1F2AAD18DE}.Debug|Any CPU.ActiveCfg = Debug|Any CPU
		{6DD7B829-DA93-4B9D-9D99-7C1F2AAD18DE}.Debug|Any CPU.Build.0 = Debug|Any CPU
		{6DD7B829-DA93-4B9D-9D99-7C1F2AAD18DE}.Release|Any CPU.ActiveCfg = Release|Any CPU
		{6DD7B829-DA93-4B9D-9D99-7C1F2AAD18DE}.Release|Any CPU.Build.0 = Release|Any CPU
		{75E21F63-A785-4CCC-960D-1BF0FBD3F274}.Debug|Any CPU.ActiveCfg = Debug|Any CPU
		{75E21F63-A785-4CCC-960D-1BF0FBD3F274}.Debug|Any CPU.Build.0 = Debug|Any CPU
		{75E21F63-A785-4CCC-960D-1BF0FBD3F274}.Release|Any CPU.ActiveCfg = Release|Any CPU
		{75E21F63-A785-4CCC-960D-1BF0FBD3F274}.Release|Any CPU.Build.0 = Release|Any CPU
		{E4373553-B96B-4D5C-BB2C-3FDE517B4F9A}.Debug|Any CPU.ActiveCfg = Debug|Any CPU
		{E4373553-B96B-4D5C-BB2C-3FDE517B4F9A}.Debug|Any CPU.Build.0 = Debug|Any CPU
		{E4373553-B96B-4D5C-BB2C-3FDE517B4F9A}.Release|Any CPU.ActiveCfg = Release|Any CPU
		{E4373553-B96B-4D5C-BB2C-3FDE517B4F9A}.Release|Any CPU.Build.0 = Release|Any CPU
		{7E0E3FF8-8C96-4AA4-801F-9A17E38BF9C2}.Debug|Any CPU.ActiveCfg = Debug|Any CPU
		{7E0E3FF8-8C96-4AA4-801F-9A17E38BF9C2}.Debug|Any CPU.Build.0 = Debug|Any CPU
		{7E0E3FF8-8C96-4AA4-801F-9A17E38BF9C2}.Release|Any CPU.ActiveCfg = Release|Any CPU
		{7E0E3FF8-8C96-4AA4-801F-9A17E38BF9C2}.Release|Any CPU.Build.0 = Release|Any CPU
		{D02C650D-0380-4E45-9B0A-49AF3BF23FE1}.Debug|Any CPU.ActiveCfg = Debug|Any CPU
		{D02C650D-0380-4E45-9B0A-49AF3BF23FE1}.Debug|Any CPU.Build.0 = Debug|Any CPU
		{D02C650D-0380-4E45-9B0A-49AF3BF23FE1}.Release|Any CPU.ActiveCfg = Release|Any CPU
		{D02C650D-0380-4E45-9B0A-49AF3BF23FE1}.Release|Any CPU.Build.0 = Release|Any CPU
		{6BCF7710-73B5-44D9-BBBF-A15D9E14AC71}.Debug|Any CPU.ActiveCfg = Debug|Any CPU
		{6BCF7710-73B5-44D9-BBBF-A15D9E14AC71}.Debug|Any CPU.Build.0 = Debug|Any CPU
		{6BCF7710-73B5-44D9-BBBF-A15D9E14AC71}.Release|Any CPU.ActiveCfg = Release|Any CPU
		{6BCF7710-73B5-44D9-BBBF-A15D9E14AC71}.Release|Any CPU.Build.0 = Release|Any CPU
		{7C90BEFA-DC19-4A8C-957F-5759288F0ECA}.Debug|Any CPU.ActiveCfg = Debug|Any CPU
		{7C90BEFA-DC19-4A8C-957F-5759288F0ECA}.Debug|Any CPU.Build.0 = Debug|Any CPU
		{7C90BEFA-DC19-4A8C-957F-5759288F0ECA}.Release|Any CPU.ActiveCfg = Release|Any CPU
		{7C90BEFA-DC19-4A8C-957F-5759288F0ECA}.Release|Any CPU.Build.0 = Release|Any CPU
		{9B260041-EB77-4E34-99FB-AED2E86371C7}.Debug|Any CPU.ActiveCfg = Debug|Any CPU
		{9B260041-EB77-4E34-99FB-AED2E86371C7}.Debug|Any CPU.Build.0 = Debug|Any CPU
		{9B260041-EB77-4E34-99FB-AED2E86371C7}.Release|Any CPU.ActiveCfg = Release|Any CPU
		{9B260041-EB77-4E34-99FB-AED2E86371C7}.Release|Any CPU.Build.0 = Release|Any CPU
		{05D51754-3E63-4209-A099-DF07AF6C9BB0}.Debug|Any CPU.ActiveCfg = Debug|Any CPU
		{05D51754-3E63-4209-A099-DF07AF6C9BB0}.Debug|Any CPU.Build.0 = Debug|Any CPU
		{05D51754-3E63-4209-A099-DF07AF6C9BB0}.Release|Any CPU.ActiveCfg = Release|Any CPU
		{05D51754-3E63-4209-A099-DF07AF6C9BB0}.Release|Any CPU.Build.0 = Release|Any CPU
		{6E0873AB-5546-4D3D-B2A3-6C91BD3124B0}.Debug|Any CPU.ActiveCfg = Debug|Any CPU
		{6E0873AB-5546-4D3D-B2A3-6C91BD3124B0}.Debug|Any CPU.Build.0 = Debug|Any CPU
		{6E0873AB-5546-4D3D-B2A3-6C91BD3124B0}.Release|Any CPU.ActiveCfg = Release|Any CPU
		{6E0873AB-5546-4D3D-B2A3-6C91BD3124B0}.Release|Any CPU.Build.0 = Release|Any CPU
		{DB4D3347-A469-45BB-B68C-4122CBCE5C48}.Debug|Any CPU.ActiveCfg = Debug|Any CPU
		{DB4D3347-A469-45BB-B68C-4122CBCE5C48}.Debug|Any CPU.Build.0 = Debug|Any CPU
		{DB4D3347-A469-45BB-B68C-4122CBCE5C48}.Release|Any CPU.ActiveCfg = Release|Any CPU
		{DB4D3347-A469-45BB-B68C-4122CBCE5C48}.Release|Any CPU.Build.0 = Release|Any CPU
		{9EE44D7A-C465-4F4C-9DB6-2A6AF07FA179}.Debug|Any CPU.ActiveCfg = Debug|Any CPU
		{9EE44D7A-C465-4F4C-9DB6-2A6AF07FA179}.Debug|Any CPU.Build.0 = Debug|Any CPU
		{9EE44D7A-C465-4F4C-9DB6-2A6AF07FA179}.Release|Any CPU.ActiveCfg = Release|Any CPU
		{9EE44D7A-C465-4F4C-9DB6-2A6AF07FA179}.Release|Any CPU.Build.0 = Release|Any CPU
		{9330C761-FD6E-43F9-A64E-B6886E3DAE30}.Debug|Any CPU.ActiveCfg = Debug|Any CPU
		{9330C761-FD6E-43F9-A64E-B6886E3DAE30}.Debug|Any CPU.Build.0 = Debug|Any CPU
		{9330C761-FD6E-43F9-A64E-B6886E3DAE30}.Release|Any CPU.ActiveCfg = Release|Any CPU
		{9330C761-FD6E-43F9-A64E-B6886E3DAE30}.Release|Any CPU.Build.0 = Release|Any CPU
		{BE9EB0FE-215A-4EE5-BF02-11D3C1BB7416}.Debug|Any CPU.ActiveCfg = Debug|Any CPU
		{BE9EB0FE-215A-4EE5-BF02-11D3C1BB7416}.Debug|Any CPU.Build.0 = Debug|Any CPU
		{BE9EB0FE-215A-4EE5-BF02-11D3C1BB7416}.Release|Any CPU.ActiveCfg = Release|Any CPU
		{BE9EB0FE-215A-4EE5-BF02-11D3C1BB7416}.Release|Any CPU.Build.0 = Release|Any CPU
		{C606EC80-2E69-4782-A4C1-B3F741850168}.Debug|Any CPU.ActiveCfg = Debug|Any CPU
		{C606EC80-2E69-4782-A4C1-B3F741850168}.Debug|Any CPU.Build.0 = Debug|Any CPU
		{C606EC80-2E69-4782-A4C1-B3F741850168}.Release|Any CPU.ActiveCfg = Release|Any CPU
		{C606EC80-2E69-4782-A4C1-B3F741850168}.Release|Any CPU.Build.0 = Release|Any CPU
		{76464B80-5E19-4E33-9EF5-C86A711D010E}.Debug|Any CPU.ActiveCfg = Debug|Any CPU
		{76464B80-5E19-4E33-9EF5-C86A711D010E}.Debug|Any CPU.Build.0 = Debug|Any CPU
		{76464B80-5E19-4E33-9EF5-C86A711D010E}.Release|Any CPU.ActiveCfg = Release|Any CPU
		{76464B80-5E19-4E33-9EF5-C86A711D010E}.Release|Any CPU.Build.0 = Release|Any CPU
		{15D41349-7248-4641-ACB4-49CF026AC88C}.Debug|Any CPU.ActiveCfg = Debug|Any CPU
		{15D41349-7248-4641-ACB4-49CF026AC88C}.Debug|Any CPU.Build.0 = Debug|Any CPU
		{15D41349-7248-4641-ACB4-49CF026AC88C}.Release|Any CPU.ActiveCfg = Release|Any CPU
		{15D41349-7248-4641-ACB4-49CF026AC88C}.Release|Any CPU.Build.0 = Release|Any CPU
		{71839778-16E0-425C-9335-54D54AF9D482}.Debug|Any CPU.ActiveCfg = Debug|Any CPU
		{71839778-16E0-425C-9335-54D54AF9D482}.Debug|Any CPU.Build.0 = Debug|Any CPU
		{71839778-16E0-425C-9335-54D54AF9D482}.Release|Any CPU.ActiveCfg = Release|Any CPU
		{71839778-16E0-425C-9335-54D54AF9D482}.Release|Any CPU.Build.0 = Release|Any CPU
		{9BD990CD-586B-4019-B169-543294D3C1E5}.Debug|Any CPU.ActiveCfg = Debug|Any CPU
		{9BD990CD-586B-4019-B169-543294D3C1E5}.Debug|Any CPU.Build.0 = Debug|Any CPU
		{9BD990CD-586B-4019-B169-543294D3C1E5}.Release|Any CPU.ActiveCfg = Release|Any CPU
		{9BD990CD-586B-4019-B169-543294D3C1E5}.Release|Any CPU.Build.0 = Release|Any CPU
		{45A85D09-839C-4312-B862-4BF87A35D98E}.Debug|Any CPU.ActiveCfg = Debug|Any CPU
		{45A85D09-839C-4312-B862-4BF87A35D98E}.Debug|Any CPU.Build.0 = Debug|Any CPU
		{45A85D09-839C-4312-B862-4BF87A35D98E}.Release|Any CPU.ActiveCfg = Release|Any CPU
		{45A85D09-839C-4312-B862-4BF87A35D98E}.Release|Any CPU.Build.0 = Release|Any CPU
		{37653E8A-9B18-48A5-9F7D-A4B0A0C7D63A}.Debug|Any CPU.ActiveCfg = Debug|Any CPU
		{37653E8A-9B18-48A5-9F7D-A4B0A0C7D63A}.Debug|Any CPU.Build.0 = Debug|Any CPU
		{37653E8A-9B18-48A5-9F7D-A4B0A0C7D63A}.Release|Any CPU.ActiveCfg = Release|Any CPU
		{37653E8A-9B18-48A5-9F7D-A4B0A0C7D63A}.Release|Any CPU.Build.0 = Release|Any CPU
		{4693D546-DF96-40D9-891F-3A752FC90C27}.Debug|Any CPU.ActiveCfg = Debug|Any CPU
		{4693D546-DF96-40D9-891F-3A752FC90C27}.Debug|Any CPU.Build.0 = Debug|Any CPU
		{4693D546-DF96-40D9-891F-3A752FC90C27}.Release|Any CPU.ActiveCfg = Release|Any CPU
		{4693D546-DF96-40D9-891F-3A752FC90C27}.Release|Any CPU.Build.0 = Release|Any CPU
		{5DE4533C-23AB-47BC-AD00-26BDD987EB91}.Debug|Any CPU.ActiveCfg = Debug|Any CPU
		{5DE4533C-23AB-47BC-AD00-26BDD987EB91}.Debug|Any CPU.Build.0 = Debug|Any CPU
		{5DE4533C-23AB-47BC-AD00-26BDD987EB91}.Release|Any CPU.ActiveCfg = Release|Any CPU
		{5DE4533C-23AB-47BC-AD00-26BDD987EB91}.Release|Any CPU.Build.0 = Release|Any CPU
		{CE1791EE-7B06-4761-A043-3C0E4DD2BB80}.Debug|Any CPU.ActiveCfg = Debug|Any CPU
		{CE1791EE-7B06-4761-A043-3C0E4DD2BB80}.Debug|Any CPU.Build.0 = Debug|Any CPU
		{CE1791EE-7B06-4761-A043-3C0E4DD2BB80}.Release|Any CPU.ActiveCfg = Release|Any CPU
		{CE1791EE-7B06-4761-A043-3C0E4DD2BB80}.Release|Any CPU.Build.0 = Release|Any CPU
		{9B85C346-861F-456E-A59B-13C5D13DA058}.Debug|Any CPU.ActiveCfg = Debug|Any CPU
		{9B85C346-861F-456E-A59B-13C5D13DA058}.Debug|Any CPU.Build.0 = Debug|Any CPU
		{9B85C346-861F-456E-A59B-13C5D13DA058}.Release|Any CPU.ActiveCfg = Release|Any CPU
		{9B85C346-861F-456E-A59B-13C5D13DA058}.Release|Any CPU.Build.0 = Release|Any CPU
		{1A8E6E5E-C9AB-4C28-90C3-00F0A084B96F}.Debug|Any CPU.ActiveCfg = Debug|Any CPU
		{1A8E6E5E-C9AB-4C28-90C3-00F0A084B96F}.Debug|Any CPU.Build.0 = Debug|Any CPU
		{1A8E6E5E-C9AB-4C28-90C3-00F0A084B96F}.Release|Any CPU.ActiveCfg = Release|Any CPU
		{1A8E6E5E-C9AB-4C28-90C3-00F0A084B96F}.Release|Any CPU.Build.0 = Release|Any CPU
		{4DBE3C75-6A19-44EB-B35C-54B9E5774B90}.Debug|Any CPU.ActiveCfg = Debug|Any CPU
		{4DBE3C75-6A19-44EB-B35C-54B9E5774B90}.Debug|Any CPU.Build.0 = Debug|Any CPU
		{4DBE3C75-6A19-44EB-B35C-54B9E5774B90}.Release|Any CPU.ActiveCfg = Release|Any CPU
		{4DBE3C75-6A19-44EB-B35C-54B9E5774B90}.Release|Any CPU.Build.0 = Release|Any CPU
		{D89D3016-F815-43C6-B24D-CDD9FBB37C3E}.Debug|Any CPU.ActiveCfg = Debug|Any CPU
		{D89D3016-F815-43C6-B24D-CDD9FBB37C3E}.Debug|Any CPU.Build.0 = Debug|Any CPU
		{D89D3016-F815-43C6-B24D-CDD9FBB37C3E}.Release|Any CPU.ActiveCfg = Release|Any CPU
		{D89D3016-F815-43C6-B24D-CDD9FBB37C3E}.Release|Any CPU.Build.0 = Release|Any CPU
		{C21BB8DC-BD1E-4494-B13E-4125BE2CA0B3}.Debug|Any CPU.ActiveCfg = Debug|Any CPU
		{C21BB8DC-BD1E-4494-B13E-4125BE2CA0B3}.Debug|Any CPU.Build.0 = Debug|Any CPU
		{C21BB8DC-BD1E-4494-B13E-4125BE2CA0B3}.Release|Any CPU.ActiveCfg = Release|Any CPU
		{C21BB8DC-BD1E-4494-B13E-4125BE2CA0B3}.Release|Any CPU.Build.0 = Release|Any CPU
		{5B04B1B0-BF54-49C9-BC3E-9A1FF9C02040}.Debug|Any CPU.ActiveCfg = Debug|Any CPU
		{5B04B1B0-BF54-49C9-BC3E-9A1FF9C02040}.Debug|Any CPU.Build.0 = Debug|Any CPU
		{5B04B1B0-BF54-49C9-BC3E-9A1FF9C02040}.Release|Any CPU.ActiveCfg = Release|Any CPU
		{5B04B1B0-BF54-49C9-BC3E-9A1FF9C02040}.Release|Any CPU.Build.0 = Release|Any CPU
		{EB4FB21A-F2CC-4155-84CB-0271F2F810C9}.Debug|Any CPU.ActiveCfg = Debug|Any CPU
		{EB4FB21A-F2CC-4155-84CB-0271F2F810C9}.Debug|Any CPU.Build.0 = Debug|Any CPU
		{EB4FB21A-F2CC-4155-84CB-0271F2F810C9}.Release|Any CPU.ActiveCfg = Release|Any CPU
		{EB4FB21A-F2CC-4155-84CB-0271F2F810C9}.Release|Any CPU.Build.0 = Release|Any CPU
		{091F3577-83CA-45CA-BCE3-7E91BC10E962}.Debug|Any CPU.ActiveCfg = Debug|Any CPU
		{091F3577-83CA-45CA-BCE3-7E91BC10E962}.Debug|Any CPU.Build.0 = Debug|Any CPU
		{091F3577-83CA-45CA-BCE3-7E91BC10E962}.Release|Any CPU.ActiveCfg = Release|Any CPU
		{091F3577-83CA-45CA-BCE3-7E91BC10E962}.Release|Any CPU.Build.0 = Release|Any CPU
		{86ADFB26-A21B-4ED2-B060-19607F08188F}.Debug|Any CPU.ActiveCfg = Debug|Any CPU
		{86ADFB26-A21B-4ED2-B060-19607F08188F}.Debug|Any CPU.Build.0 = Debug|Any CPU
		{86ADFB26-A21B-4ED2-B060-19607F08188F}.Release|Any CPU.ActiveCfg = Release|Any CPU
		{86ADFB26-A21B-4ED2-B060-19607F08188F}.Release|Any CPU.Build.0 = Release|Any CPU
		{21AD52F3-95C1-4ED4-AEE6-C4B98B6547D1}.Debug|Any CPU.ActiveCfg = Debug|Any CPU
		{21AD52F3-95C1-4ED4-AEE6-C4B98B6547D1}.Debug|Any CPU.Build.0 = Debug|Any CPU
		{21AD52F3-95C1-4ED4-AEE6-C4B98B6547D1}.Release|Any CPU.ActiveCfg = Release|Any CPU
		{21AD52F3-95C1-4ED4-AEE6-C4B98B6547D1}.Release|Any CPU.Build.0 = Release|Any CPU
		{5CE19A5A-AC81-472D-83C1-6A0FDC9411ED}.Debug|Any CPU.ActiveCfg = Debug|Any CPU
		{5CE19A5A-AC81-472D-83C1-6A0FDC9411ED}.Debug|Any CPU.Build.0 = Debug|Any CPU
		{5CE19A5A-AC81-472D-83C1-6A0FDC9411ED}.Release|Any CPU.ActiveCfg = Release|Any CPU
		{5CE19A5A-AC81-472D-83C1-6A0FDC9411ED}.Release|Any CPU.Build.0 = Release|Any CPU
		{4490C039-01DC-49AF-8941-212EA8A69955}.Debug|Any CPU.ActiveCfg = Debug|Any CPU
		{4490C039-01DC-49AF-8941-212EA8A69955}.Debug|Any CPU.Build.0 = Debug|Any CPU
		{4490C039-01DC-49AF-8941-212EA8A69955}.Release|Any CPU.ActiveCfg = Release|Any CPU
		{4490C039-01DC-49AF-8941-212EA8A69955}.Release|Any CPU.Build.0 = Release|Any CPU
		{E2FA5393-8BF6-4C9F-98E9-3F36D6A0714D}.Debug|Any CPU.ActiveCfg = Debug|Any CPU
		{E2FA5393-8BF6-4C9F-98E9-3F36D6A0714D}.Debug|Any CPU.Build.0 = Debug|Any CPU
		{E2FA5393-8BF6-4C9F-98E9-3F36D6A0714D}.Release|Any CPU.ActiveCfg = Release|Any CPU
		{E2FA5393-8BF6-4C9F-98E9-3F36D6A0714D}.Release|Any CPU.Build.0 = Release|Any CPU
		{485FD9B9-9BFF-400E-80BE-D46F06114A62}.Debug|Any CPU.ActiveCfg = Debug|Any CPU
		{485FD9B9-9BFF-400E-80BE-D46F06114A62}.Debug|Any CPU.Build.0 = Debug|Any CPU
		{485FD9B9-9BFF-400E-80BE-D46F06114A62}.Release|Any CPU.ActiveCfg = Release|Any CPU
		{485FD9B9-9BFF-400E-80BE-D46F06114A62}.Release|Any CPU.Build.0 = Release|Any CPU
		{D4C46E88-4584-4028-93E5-B3C3AB1A9DD2}.Debug|Any CPU.ActiveCfg = Debug|Any CPU
		{D4C46E88-4584-4028-93E5-B3C3AB1A9DD2}.Debug|Any CPU.Build.0 = Debug|Any CPU
		{D4C46E88-4584-4028-93E5-B3C3AB1A9DD2}.Release|Any CPU.ActiveCfg = Release|Any CPU
		{D4C46E88-4584-4028-93E5-B3C3AB1A9DD2}.Release|Any CPU.Build.0 = Release|Any CPU
		{C2714DAE-78A1-45DE-A4A2-6FAF01FF0241}.Debug|Any CPU.ActiveCfg = Debug|Any CPU
		{C2714DAE-78A1-45DE-A4A2-6FAF01FF0241}.Debug|Any CPU.Build.0 = Debug|Any CPU
		{C2714DAE-78A1-45DE-A4A2-6FAF01FF0241}.Release|Any CPU.ActiveCfg = Release|Any CPU
		{C2714DAE-78A1-45DE-A4A2-6FAF01FF0241}.Release|Any CPU.Build.0 = Release|Any CPU
		{364B5FC9-8247-480E-BFBB-C91F33CCF679}.Debug|Any CPU.ActiveCfg = Debug|Any CPU
		{364B5FC9-8247-480E-BFBB-C91F33CCF679}.Debug|Any CPU.Build.0 = Debug|Any CPU
		{364B5FC9-8247-480E-BFBB-C91F33CCF679}.Release|Any CPU.ActiveCfg = Release|Any CPU
		{364B5FC9-8247-480E-BFBB-C91F33CCF679}.Release|Any CPU.Build.0 = Release|Any CPU
		{AFD04B5D-60FB-493F-AD08-018A463539F1}.Debug|Any CPU.ActiveCfg = Debug|Any CPU
		{AFD04B5D-60FB-493F-AD08-018A463539F1}.Debug|Any CPU.Build.0 = Debug|Any CPU
		{AFD04B5D-60FB-493F-AD08-018A463539F1}.Release|Any CPU.ActiveCfg = Release|Any CPU
		{AFD04B5D-60FB-493F-AD08-018A463539F1}.Release|Any CPU.Build.0 = Release|Any CPU
		{E56551AA-91A0-413F-9DB8-C1772098529C}.Debug|Any CPU.ActiveCfg = Debug|Any CPU
		{E56551AA-91A0-413F-9DB8-C1772098529C}.Debug|Any CPU.Build.0 = Debug|Any CPU
		{E56551AA-91A0-413F-9DB8-C1772098529C}.Release|Any CPU.ActiveCfg = Release|Any CPU
		{E56551AA-91A0-413F-9DB8-C1772098529C}.Release|Any CPU.Build.0 = Release|Any CPU
		{DA62A65A-A0C0-4ABD-AEE4-185DA97ECB3C}.Debug|Any CPU.ActiveCfg = Debug|Any CPU
		{DA62A65A-A0C0-4ABD-AEE4-185DA97ECB3C}.Debug|Any CPU.Build.0 = Debug|Any CPU
		{DA62A65A-A0C0-4ABD-AEE4-185DA97ECB3C}.Release|Any CPU.ActiveCfg = Release|Any CPU
		{DA62A65A-A0C0-4ABD-AEE4-185DA97ECB3C}.Release|Any CPU.Build.0 = Release|Any CPU
		{449653CE-AC5E-452B-A7BA-6D2C2BC248D6}.Debug|Any CPU.ActiveCfg = Debug|Any CPU
		{449653CE-AC5E-452B-A7BA-6D2C2BC248D6}.Debug|Any CPU.Build.0 = Debug|Any CPU
		{449653CE-AC5E-452B-A7BA-6D2C2BC248D6}.Release|Any CPU.ActiveCfg = Release|Any CPU
		{449653CE-AC5E-452B-A7BA-6D2C2BC248D6}.Release|Any CPU.Build.0 = Release|Any CPU
		{08D4B777-31D1-4235-AA90-AB8E2818031B}.Debug|Any CPU.ActiveCfg = Debug|Any CPU
		{08D4B777-31D1-4235-AA90-AB8E2818031B}.Debug|Any CPU.Build.0 = Debug|Any CPU
		{08D4B777-31D1-4235-AA90-AB8E2818031B}.Release|Any CPU.ActiveCfg = Release|Any CPU
		{08D4B777-31D1-4235-AA90-AB8E2818031B}.Release|Any CPU.Build.0 = Release|Any CPU
		{D221F89B-8319-48FD-833F-A852FB6352CA}.Debug|Any CPU.ActiveCfg = Debug|Any CPU
		{D221F89B-8319-48FD-833F-A852FB6352CA}.Debug|Any CPU.Build.0 = Debug|Any CPU
		{D221F89B-8319-48FD-833F-A852FB6352CA}.Release|Any CPU.ActiveCfg = Release|Any CPU
		{D221F89B-8319-48FD-833F-A852FB6352CA}.Release|Any CPU.Build.0 = Release|Any CPU
		{3A6E3A86-930C-470E-91E6-533C3BE16E0F}.Debug|Any CPU.ActiveCfg = Debug|Any CPU
		{3A6E3A86-930C-470E-91E6-533C3BE16E0F}.Debug|Any CPU.Build.0 = Debug|Any CPU
		{3A6E3A86-930C-470E-91E6-533C3BE16E0F}.Release|Any CPU.ActiveCfg = Release|Any CPU
		{3A6E3A86-930C-470E-91E6-533C3BE16E0F}.Release|Any CPU.Build.0 = Release|Any CPU
		{8D664D63-3F3A-4816-B92D-14952E4A1619}.Debug|Any CPU.ActiveCfg = Debug|Any CPU
		{8D664D63-3F3A-4816-B92D-14952E4A1619}.Debug|Any CPU.Build.0 = Debug|Any CPU
		{8D664D63-3F3A-4816-B92D-14952E4A1619}.Release|Any CPU.ActiveCfg = Release|Any CPU
		{8D664D63-3F3A-4816-B92D-14952E4A1619}.Release|Any CPU.Build.0 = Release|Any CPU
		{C4B7EAE0-1E2B-4927-8CF8-60E013699528}.Debug|Any CPU.ActiveCfg = Debug|Any CPU
		{C4B7EAE0-1E2B-4927-8CF8-60E013699528}.Debug|Any CPU.Build.0 = Debug|Any CPU
		{C4B7EAE0-1E2B-4927-8CF8-60E013699528}.Release|Any CPU.ActiveCfg = Release|Any CPU
		{C4B7EAE0-1E2B-4927-8CF8-60E013699528}.Release|Any CPU.Build.0 = Release|Any CPU
		{D7F80922-9217-42D6-8D41-6CEB4BFDD7CF}.Debug|Any CPU.ActiveCfg = Debug|Any CPU
		{D7F80922-9217-42D6-8D41-6CEB4BFDD7CF}.Debug|Any CPU.Build.0 = Debug|Any CPU
		{D7F80922-9217-42D6-8D41-6CEB4BFDD7CF}.Release|Any CPU.ActiveCfg = Release|Any CPU
		{D7F80922-9217-42D6-8D41-6CEB4BFDD7CF}.Release|Any CPU.Build.0 = Release|Any CPU
		{989EEDFD-DECA-4406-A9BD-38889035FFB2}.Debug|Any CPU.ActiveCfg = Debug|Any CPU
		{989EEDFD-DECA-4406-A9BD-38889035FFB2}.Debug|Any CPU.Build.0 = Debug|Any CPU
		{989EEDFD-DECA-4406-A9BD-38889035FFB2}.Release|Any CPU.ActiveCfg = Release|Any CPU
		{989EEDFD-DECA-4406-A9BD-38889035FFB2}.Release|Any CPU.Build.0 = Release|Any CPU
		{92DDDF82-E116-4955-8D34-530B7D0D941B}.Debug|Any CPU.ActiveCfg = Debug|Any CPU
		{92DDDF82-E116-4955-8D34-530B7D0D941B}.Debug|Any CPU.Build.0 = Debug|Any CPU
		{92DDDF82-E116-4955-8D34-530B7D0D941B}.Release|Any CPU.ActiveCfg = Release|Any CPU
		{92DDDF82-E116-4955-8D34-530B7D0D941B}.Release|Any CPU.Build.0 = Release|Any CPU
		{75A699B6-16BF-4FF9-A05B-F1384C5C8ACE}.Debug|Any CPU.ActiveCfg = Debug|Any CPU
		{75A699B6-16BF-4FF9-A05B-F1384C5C8ACE}.Debug|Any CPU.Build.0 = Debug|Any CPU
		{75A699B6-16BF-4FF9-A05B-F1384C5C8ACE}.Release|Any CPU.ActiveCfg = Release|Any CPU
		{75A699B6-16BF-4FF9-A05B-F1384C5C8ACE}.Release|Any CPU.Build.0 = Release|Any CPU
		{7D912760-ED7A-40DA-BBDF-8374DD01216A}.Debug|Any CPU.ActiveCfg = Debug|Any CPU
		{7D912760-ED7A-40DA-BBDF-8374DD01216A}.Debug|Any CPU.Build.0 = Debug|Any CPU
		{7D912760-ED7A-40DA-BBDF-8374DD01216A}.Release|Any CPU.ActiveCfg = Release|Any CPU
		{7D912760-ED7A-40DA-BBDF-8374DD01216A}.Release|Any CPU.Build.0 = Release|Any CPU
		{A6F70B49-6A4D-4ED1-927A-FC83B3AB0322}.Debug|Any CPU.ActiveCfg = Debug|Any CPU
		{A6F70B49-6A4D-4ED1-927A-FC83B3AB0322}.Debug|Any CPU.Build.0 = Debug|Any CPU
		{A6F70B49-6A4D-4ED1-927A-FC83B3AB0322}.Release|Any CPU.ActiveCfg = Release|Any CPU
		{A6F70B49-6A4D-4ED1-927A-FC83B3AB0322}.Release|Any CPU.Build.0 = Release|Any CPU
		{CF79984A-E9AC-443E-8227-D9ABA51B4C6B}.Debug|Any CPU.ActiveCfg = Debug|Any CPU
		{CF79984A-E9AC-443E-8227-D9ABA51B4C6B}.Debug|Any CPU.Build.0 = Debug|Any CPU
		{CF79984A-E9AC-443E-8227-D9ABA51B4C6B}.Release|Any CPU.ActiveCfg = Release|Any CPU
		{CF79984A-E9AC-443E-8227-D9ABA51B4C6B}.Release|Any CPU.Build.0 = Release|Any CPU
		{5A188419-0BC6-4B6D-856F-425535B2BE4C}.Debug|Any CPU.ActiveCfg = Debug|Any CPU
		{5A188419-0BC6-4B6D-856F-425535B2BE4C}.Debug|Any CPU.Build.0 = Debug|Any CPU
		{5A188419-0BC6-4B6D-856F-425535B2BE4C}.Release|Any CPU.ActiveCfg = Release|Any CPU
		{5A188419-0BC6-4B6D-856F-425535B2BE4C}.Release|Any CPU.Build.0 = Release|Any CPU
		{DD61A3E5-DE84-4477-B398-272B31AD7EDA}.Debug|Any CPU.ActiveCfg = Debug|Any CPU
		{DD61A3E5-DE84-4477-B398-272B31AD7EDA}.Debug|Any CPU.Build.0 = Debug|Any CPU
		{DD61A3E5-DE84-4477-B398-272B31AD7EDA}.Release|Any CPU.ActiveCfg = Release|Any CPU
		{DD61A3E5-DE84-4477-B398-272B31AD7EDA}.Release|Any CPU.Build.0 = Release|Any CPU
		{5F3C1396-0DFE-4D49-919B-DF94142E647F}.Debug|Any CPU.ActiveCfg = Debug|Any CPU
		{5F3C1396-0DFE-4D49-919B-DF94142E647F}.Debug|Any CPU.Build.0 = Debug|Any CPU
		{5F3C1396-0DFE-4D49-919B-DF94142E647F}.Release|Any CPU.ActiveCfg = Release|Any CPU
		{5F3C1396-0DFE-4D49-919B-DF94142E647F}.Release|Any CPU.Build.0 = Release|Any CPU
		{09087636-32A2-453B-8C5F-DA682F98995D}.Debug|Any CPU.ActiveCfg = Debug|Any CPU
		{09087636-32A2-453B-8C5F-DA682F98995D}.Debug|Any CPU.Build.0 = Debug|Any CPU
		{09087636-32A2-453B-8C5F-DA682F98995D}.Release|Any CPU.ActiveCfg = Release|Any CPU
		{09087636-32A2-453B-8C5F-DA682F98995D}.Release|Any CPU.Build.0 = Release|Any CPU
		{A92518F1-4505-434B-89A3-05E3AD80B637}.Debug|Any CPU.ActiveCfg = Debug|Any CPU
		{A92518F1-4505-434B-89A3-05E3AD80B637}.Debug|Any CPU.Build.0 = Debug|Any CPU
		{A92518F1-4505-434B-89A3-05E3AD80B637}.Release|Any CPU.ActiveCfg = Release|Any CPU
		{A92518F1-4505-434B-89A3-05E3AD80B637}.Release|Any CPU.Build.0 = Release|Any CPU
		{DA83D93A-392F-4BB1-A17C-020F93579EFB}.Debug|Any CPU.ActiveCfg = Debug|Any CPU
		{DA83D93A-392F-4BB1-A17C-020F93579EFB}.Debug|Any CPU.Build.0 = Debug|Any CPU
		{DA83D93A-392F-4BB1-A17C-020F93579EFB}.Release|Any CPU.ActiveCfg = Release|Any CPU
		{DA83D93A-392F-4BB1-A17C-020F93579EFB}.Release|Any CPU.Build.0 = Release|Any CPU
		{A74D3750-2A31-4CE1-BAA0-B311E5F6C190}.Debug|Any CPU.ActiveCfg = Debug|Any CPU
		{A74D3750-2A31-4CE1-BAA0-B311E5F6C190}.Debug|Any CPU.Build.0 = Debug|Any CPU
		{A74D3750-2A31-4CE1-BAA0-B311E5F6C190}.Release|Any CPU.ActiveCfg = Release|Any CPU
		{A74D3750-2A31-4CE1-BAA0-B311E5F6C190}.Release|Any CPU.Build.0 = Release|Any CPU
		{DAC21083-7CAA-4D40-B566-0076C257EF96}.Debug|Any CPU.ActiveCfg = Debug|Any CPU
		{DAC21083-7CAA-4D40-B566-0076C257EF96}.Debug|Any CPU.Build.0 = Debug|Any CPU
		{DAC21083-7CAA-4D40-B566-0076C257EF96}.Release|Any CPU.ActiveCfg = Release|Any CPU
		{DAC21083-7CAA-4D40-B566-0076C257EF96}.Release|Any CPU.Build.0 = Release|Any CPU
		{B17AED0B-310E-4C84-B532-552D92563895}.Debug|Any CPU.ActiveCfg = Debug|Any CPU
		{B17AED0B-310E-4C84-B532-552D92563895}.Debug|Any CPU.Build.0 = Debug|Any CPU
		{B17AED0B-310E-4C84-B532-552D92563895}.Release|Any CPU.ActiveCfg = Release|Any CPU
		{B17AED0B-310E-4C84-B532-552D92563895}.Release|Any CPU.Build.0 = Release|Any CPU
		{7BA12353-5469-4C12-A55D-D4FEE5B1844F}.Debug|Any CPU.ActiveCfg = Debug|Any CPU
		{7BA12353-5469-4C12-A55D-D4FEE5B1844F}.Debug|Any CPU.Build.0 = Debug|Any CPU
		{7BA12353-5469-4C12-A55D-D4FEE5B1844F}.Release|Any CPU.ActiveCfg = Release|Any CPU
		{7BA12353-5469-4C12-A55D-D4FEE5B1844F}.Release|Any CPU.Build.0 = Release|Any CPU
		{0B3F8D88-2FD9-4FF8-8341-2BD691371A79}.Debug|Any CPU.ActiveCfg = Debug|Any CPU
		{0B3F8D88-2FD9-4FF8-8341-2BD691371A79}.Debug|Any CPU.Build.0 = Debug|Any CPU
		{0B3F8D88-2FD9-4FF8-8341-2BD691371A79}.Release|Any CPU.ActiveCfg = Release|Any CPU
		{0B3F8D88-2FD9-4FF8-8341-2BD691371A79}.Release|Any CPU.Build.0 = Release|Any CPU
		{CC597A76-E66A-439E-A6A8-EE49983FEED2}.Debug|Any CPU.ActiveCfg = Debug|Any CPU
		{CC597A76-E66A-439E-A6A8-EE49983FEED2}.Debug|Any CPU.Build.0 = Debug|Any CPU
		{CC597A76-E66A-439E-A6A8-EE49983FEED2}.Release|Any CPU.ActiveCfg = Release|Any CPU
		{CC597A76-E66A-439E-A6A8-EE49983FEED2}.Release|Any CPU.Build.0 = Release|Any CPU
		{35A18156-B70D-4D45-8F7F-060F06090A8E}.Debug|Any CPU.ActiveCfg = Debug|Any CPU
		{35A18156-B70D-4D45-8F7F-060F06090A8E}.Debug|Any CPU.Build.0 = Debug|Any CPU
		{35A18156-B70D-4D45-8F7F-060F06090A8E}.Release|Any CPU.ActiveCfg = Release|Any CPU
		{35A18156-B70D-4D45-8F7F-060F06090A8E}.Release|Any CPU.Build.0 = Release|Any CPU
		{486F1BCC-E30A-46F9-8E90-2023C282DB73}.Debug|Any CPU.ActiveCfg = Debug|Any CPU
		{486F1BCC-E30A-46F9-8E90-2023C282DB73}.Debug|Any CPU.Build.0 = Debug|Any CPU
		{486F1BCC-E30A-46F9-8E90-2023C282DB73}.Release|Any CPU.ActiveCfg = Release|Any CPU
		{486F1BCC-E30A-46F9-8E90-2023C282DB73}.Release|Any CPU.Build.0 = Release|Any CPU
		{4ACF135C-6D3C-4AC7-9C03-3D4CE1CF170C}.Debug|Any CPU.ActiveCfg = Debug|Any CPU
		{4ACF135C-6D3C-4AC7-9C03-3D4CE1CF170C}.Debug|Any CPU.Build.0 = Debug|Any CPU
		{4ACF135C-6D3C-4AC7-9C03-3D4CE1CF170C}.Release|Any CPU.ActiveCfg = Release|Any CPU
		{4ACF135C-6D3C-4AC7-9C03-3D4CE1CF170C}.Release|Any CPU.Build.0 = Release|Any CPU
		{83CBD60E-46C1-41AC-AE3D-BC606BBFF283}.Debug|Any CPU.ActiveCfg = Debug|Any CPU
		{83CBD60E-46C1-41AC-AE3D-BC606BBFF283}.Debug|Any CPU.Build.0 = Debug|Any CPU
		{83CBD60E-46C1-41AC-AE3D-BC606BBFF283}.Release|Any CPU.ActiveCfg = Release|Any CPU
		{83CBD60E-46C1-41AC-AE3D-BC606BBFF283}.Release|Any CPU.Build.0 = Release|Any CPU
		{311A5A04-0046-489E-9D02-46E5348C6C94}.Debug|Any CPU.ActiveCfg = Debug|Any CPU
		{311A5A04-0046-489E-9D02-46E5348C6C94}.Debug|Any CPU.Build.0 = Debug|Any CPU
		{311A5A04-0046-489E-9D02-46E5348C6C94}.Release|Any CPU.ActiveCfg = Release|Any CPU
		{311A5A04-0046-489E-9D02-46E5348C6C94}.Release|Any CPU.Build.0 = Release|Any CPU
	EndGlobalSection
	GlobalSection(SolutionProperties) = preSolution
		HideSolutionNode = FALSE
	EndGlobalSection
	GlobalSection(NestedProjects) = preSolution
		{1967673A-4B1E-4E4F-AAEA-F015E7B8104A} = {3FB34CB5-28D5-4775-BC51-DFEC74EA85D6}
		{F9AE22D3-E58F-4517-99BE-4415BA0BBE76} = {3FB34CB5-28D5-4775-BC51-DFEC74EA85D6}
		{370D79ED-E411-4526-936E-ED745CB60E25} = {3FB34CB5-28D5-4775-BC51-DFEC74EA85D6}
		{E09AFDE2-8572-448E-8F9A-4139BEB1BA1F} = {3FB34CB5-28D5-4775-BC51-DFEC74EA85D6}
		{EF620D47-4B80-474B-AB28-8BE046A571B8} = {3FB34CB5-28D5-4775-BC51-DFEC74EA85D6}
		{3281EDD5-2D4A-4E7D-9827-445A5E6CA2DF} = {C40EDBE4-827A-4890-A481-15D9536DC1D7}
		{D586E88D-7178-45D3-A3DF-6F187F499BE7} = {C40EDBE4-827A-4890-A481-15D9536DC1D7}
		{3CCBE385-10FC-4013-A8C4-BA77D5D43CBF} = {C40EDBE4-827A-4890-A481-15D9536DC1D7}
		{30782407-B510-47B0-A0B5-7FCEC841F374} = {C40EDBE4-827A-4890-A481-15D9536DC1D7}
		{51C85BA0-9795-433C-A640-3FED9CE8DA6B} = {C40EDBE4-827A-4890-A481-15D9536DC1D7}
		{AE05442A-AED6-43FE-9759-97478C17D62E} = {C40EDBE4-827A-4890-A481-15D9536DC1D7}
		{A01D2B64-9502-4774-98FE-26AF84131B3E} = {C40EDBE4-827A-4890-A481-15D9536DC1D7}
		{84CE219F-8C01-4D59-A173-C17EA37DAEC0} = {C40EDBE4-827A-4890-A481-15D9536DC1D7}
		{7AD4D962-1D54-43E4-BA05-67FAC916DE90} = {5B9AC1EC-12C4-4F15-B805-1B0C1C430611}
		{6771C54E-F374-436F-8C09-3207F31FF7B1} = {5B9AC1EC-12C4-4F15-B805-1B0C1C430611}
		{8ECAD860-F93D-447E-A0C1-9836D12DB459} = {5B9AC1EC-12C4-4F15-B805-1B0C1C430611}
		{8D10D2F3-2C04-4B03-BA18-10B41B6FA201} = {5B9AC1EC-12C4-4F15-B805-1B0C1C430611}
		{833FB042-B972-42C5-8FA6-413318BF3DA5} = {5B9AC1EC-12C4-4F15-B805-1B0C1C430611}
		{AE186336-D804-4160-B481-85B9E5F063E5} = {5B9AC1EC-12C4-4F15-B805-1B0C1C430611}
		{54A5940F-95DA-46FA-AA4B-C32EACFF75F8} = {5B9AC1EC-12C4-4F15-B805-1B0C1C430611}
		{231578AE-5FAF-492A-84D4-219F7304B055} = {5B9AC1EC-12C4-4F15-B805-1B0C1C430611}
		{C4FE68F2-49B6-4881-8490-74B14BA0CDA9} = {533F3FE9-CB83-4558-838D-B69A35749CF1}
		{D58C8C8A-A5D1-44EC-B9C0-48F6B9AB5C08} = {533F3FE9-CB83-4558-838D-B69A35749CF1}
		{6DD7B829-DA93-4B9D-9D99-7C1F2AAD18DE} = {533F3FE9-CB83-4558-838D-B69A35749CF1}
		{75E21F63-A785-4CCC-960D-1BF0FBD3F274} = {533F3FE9-CB83-4558-838D-B69A35749CF1}
		{E4373553-B96B-4D5C-BB2C-3FDE517B4F9A} = {533F3FE9-CB83-4558-838D-B69A35749CF1}
		{7E0E3FF8-8C96-4AA4-801F-9A17E38BF9C2} = {533F3FE9-CB83-4558-838D-B69A35749CF1}
		{D02C650D-0380-4E45-9B0A-49AF3BF23FE1} = {533F3FE9-CB83-4558-838D-B69A35749CF1}
		{6BCF7710-73B5-44D9-BBBF-A15D9E14AC71} = {4CE5C4D9-588F-497D-A3ED-903EDD4E10D1}
		{7C90BEFA-DC19-4A8C-957F-5759288F0ECA} = {4CE5C4D9-588F-497D-A3ED-903EDD4E10D1}
		{9B260041-EB77-4E34-99FB-AED2E86371C7} = {4CE5C4D9-588F-497D-A3ED-903EDD4E10D1}
		{05D51754-3E63-4209-A099-DF07AF6C9BB0} = {4CE5C4D9-588F-497D-A3ED-903EDD4E10D1}
		{6E0873AB-5546-4D3D-B2A3-6C91BD3124B0} = {4CE5C4D9-588F-497D-A3ED-903EDD4E10D1}
		{DB4D3347-A469-45BB-B68C-4122CBCE5C48} = {4CE5C4D9-588F-497D-A3ED-903EDD4E10D1}
		{9EE44D7A-C465-4F4C-9DB6-2A6AF07FA179} = {4CE5C4D9-588F-497D-A3ED-903EDD4E10D1}
		{9330C761-FD6E-43F9-A64E-B6886E3DAE30} = {4CE5C4D9-588F-497D-A3ED-903EDD4E10D1}
		{BE9EB0FE-215A-4EE5-BF02-11D3C1BB7416} = {85B761D8-A1A4-435A-B452-7FDF50206174}
		{C606EC80-2E69-4782-A4C1-B3F741850168} = {85B761D8-A1A4-435A-B452-7FDF50206174}
		{76464B80-5E19-4E33-9EF5-C86A711D010E} = {85B761D8-A1A4-435A-B452-7FDF50206174}
		{15D41349-7248-4641-ACB4-49CF026AC88C} = {85B761D8-A1A4-435A-B452-7FDF50206174}
		{71839778-16E0-425C-9335-54D54AF9D482} = {85B761D8-A1A4-435A-B452-7FDF50206174}
		{9BD990CD-586B-4019-B169-543294D3C1E5} = {85B761D8-A1A4-435A-B452-7FDF50206174}
		{45A85D09-839C-4312-B862-4BF87A35D98E} = {85B761D8-A1A4-435A-B452-7FDF50206174}
		{37653E8A-9B18-48A5-9F7D-A4B0A0C7D63A} = {BA8D02F0-2BB7-4841-B845-442D2F91BE0E}
		{4693D546-DF96-40D9-891F-3A752FC90C27} = {BA8D02F0-2BB7-4841-B845-442D2F91BE0E}
		{5DE4533C-23AB-47BC-AD00-26BDD987EB91} = {BA8D02F0-2BB7-4841-B845-442D2F91BE0E}
		{CE1791EE-7B06-4761-A043-3C0E4DD2BB80} = {BA8D02F0-2BB7-4841-B845-442D2F91BE0E}
		{9B85C346-861F-456E-A59B-13C5D13DA058} = {BA8D02F0-2BB7-4841-B845-442D2F91BE0E}
		{1A8E6E5E-C9AB-4C28-90C3-00F0A084B96F} = {6D94BFD8-A007-4E1E-A2AD-D19C01C63D26}
		{4DBE3C75-6A19-44EB-B35C-54B9E5774B90} = {6D94BFD8-A007-4E1E-A2AD-D19C01C63D26}
		{D89D3016-F815-43C6-B24D-CDD9FBB37C3E} = {6D94BFD8-A007-4E1E-A2AD-D19C01C63D26}
		{C21BB8DC-BD1E-4494-B13E-4125BE2CA0B3} = {6D94BFD8-A007-4E1E-A2AD-D19C01C63D26}
		{5B04B1B0-BF54-49C9-BC3E-9A1FF9C02040} = {6D94BFD8-A007-4E1E-A2AD-D19C01C63D26}
		{EB4FB21A-F2CC-4155-84CB-0271F2F810C9} = {6D94BFD8-A007-4E1E-A2AD-D19C01C63D26}
		{091F3577-83CA-45CA-BCE3-7E91BC10E962} = {6D94BFD8-A007-4E1E-A2AD-D19C01C63D26}
		{86ADFB26-A21B-4ED2-B060-19607F08188F} = {1D53AEB8-DAE3-4707-8866-99C79815FC05}
		{21AD52F3-95C1-4ED4-AEE6-C4B98B6547D1} = {1D53AEB8-DAE3-4707-8866-99C79815FC05}
		{5CE19A5A-AC81-472D-83C1-6A0FDC9411ED} = {4E83C4A0-C549-40F7-8548-C8002E3014F2}
		{4490C039-01DC-49AF-8941-212EA8A69955} = {4E83C4A0-C549-40F7-8548-C8002E3014F2}
		{E2FA5393-8BF6-4C9F-98E9-3F36D6A0714D} = {4E83C4A0-C549-40F7-8548-C8002E3014F2}
		{485FD9B9-9BFF-400E-80BE-D46F06114A62} = {4E83C4A0-C549-40F7-8548-C8002E3014F2}
		{D4C46E88-4584-4028-93E5-B3C3AB1A9DD2} = {6D3E7C28-2CAB-4D60-9C0B-C4B852B8669E}
		{C2714DAE-78A1-45DE-A4A2-6FAF01FF0241} = {6D3E7C28-2CAB-4D60-9C0B-C4B852B8669E}
		{364B5FC9-8247-480E-BFBB-C91F33CCF679} = {6D3E7C28-2CAB-4D60-9C0B-C4B852B8669E}
		{AFD04B5D-60FB-493F-AD08-018A463539F1} = {6D3E7C28-2CAB-4D60-9C0B-C4B852B8669E}
		{E56551AA-91A0-413F-9DB8-C1772098529C} = {6D3E7C28-2CAB-4D60-9C0B-C4B852B8669E}
		{DA62A65A-A0C0-4ABD-AEE4-185DA97ECB3C} = {6D3E7C28-2CAB-4D60-9C0B-C4B852B8669E}
		{449653CE-AC5E-452B-A7BA-6D2C2BC248D6} = {6D3E7C28-2CAB-4D60-9C0B-C4B852B8669E}
		{08D4B777-31D1-4235-AA90-AB8E2818031B} = {6D3E7C28-2CAB-4D60-9C0B-C4B852B8669E}
		{D221F89B-8319-48FD-833F-A852FB6352CA} = {6D3E7C28-2CAB-4D60-9C0B-C4B852B8669E}
		{3A6E3A86-930C-470E-91E6-533C3BE16E0F} = {972230EB-91B5-455D-AF16-41A76FBAF8A4}
		{8D664D63-3F3A-4816-B92D-14952E4A1619} = {972230EB-91B5-455D-AF16-41A76FBAF8A4}
		{C4B7EAE0-1E2B-4927-8CF8-60E013699528} = {972230EB-91B5-455D-AF16-41A76FBAF8A4}
		{D7F80922-9217-42D6-8D41-6CEB4BFDD7CF} = {972230EB-91B5-455D-AF16-41A76FBAF8A4}
		{989EEDFD-DECA-4406-A9BD-38889035FFB2} = {972230EB-91B5-455D-AF16-41A76FBAF8A4}
		{92DDDF82-E116-4955-8D34-530B7D0D941B} = {972230EB-91B5-455D-AF16-41A76FBAF8A4}
		{75A699B6-16BF-4FF9-A05B-F1384C5C8ACE} = {972230EB-91B5-455D-AF16-41A76FBAF8A4}
		{7D912760-ED7A-40DA-BBDF-8374DD01216A} = {3BCE4A42-3590-4168-A71B-2B3B430D77CB}
		{A6F70B49-6A4D-4ED1-927A-FC83B3AB0322} = {8C8D7C3F-D786-4905-85CD-AD7E7CCC9ABE}
		{CF79984A-E9AC-443E-8227-D9ABA51B4C6B} = {8C8D7C3F-D786-4905-85CD-AD7E7CCC9ABE}
		{5A188419-0BC6-4B6D-856F-425535B2BE4C} = {8C8D7C3F-D786-4905-85CD-AD7E7CCC9ABE}
		{DD61A3E5-DE84-4477-B398-272B31AD7EDA} = {8C8D7C3F-D786-4905-85CD-AD7E7CCC9ABE}
		{5F3C1396-0DFE-4D49-919B-DF94142E647F} = {8C8D7C3F-D786-4905-85CD-AD7E7CCC9ABE}
		{09087636-32A2-453B-8C5F-DA682F98995D} = {BC956C14-6F87-4BD7-8DC5-84CAD0B139E6}
		{A92518F1-4505-434B-89A3-05E3AD80B637} = {BC956C14-6F87-4BD7-8DC5-84CAD0B139E6}
		{DA83D93A-392F-4BB1-A17C-020F93579EFB} = {BC956C14-6F87-4BD7-8DC5-84CAD0B139E6}
		{A74D3750-2A31-4CE1-BAA0-B311E5F6C190} = {BC956C14-6F87-4BD7-8DC5-84CAD0B139E6}
		{DAC21083-7CAA-4D40-B566-0076C257EF96} = {BC956C14-6F87-4BD7-8DC5-84CAD0B139E6}
		{B17AED0B-310E-4C84-B532-552D92563895} = {4DDD004E-E28B-4C6A-AE4F-75AFA99920D4}
		{7BA12353-5469-4C12-A55D-D4FEE5B1844F} = {4DDD004E-E28B-4C6A-AE4F-75AFA99920D4}
		{0B3F8D88-2FD9-4FF8-8341-2BD691371A79} = {4DDD004E-E28B-4C6A-AE4F-75AFA99920D4}
		{CC597A76-E66A-439E-A6A8-EE49983FEED2} = {4DDD004E-E28B-4C6A-AE4F-75AFA99920D4}
		{35A18156-B70D-4D45-8F7F-060F06090A8E} = {4DDD004E-E28B-4C6A-AE4F-75AFA99920D4}
		{486F1BCC-E30A-46F9-8E90-2023C282DB73} = {4DDD004E-E28B-4C6A-AE4F-75AFA99920D4}
		{4ACF135C-6D3C-4AC7-9C03-3D4CE1CF170C} = {4DDD004E-E28B-4C6A-AE4F-75AFA99920D4}
		{83CBD60E-46C1-41AC-AE3D-BC606BBFF283} = {33A20785-2A1A-4B48-8ECE-9D650964C417}
		{311A5A04-0046-489E-9D02-46E5348C6C94} = {33A20785-2A1A-4B48-8ECE-9D650964C417}
	EndGlobalSection
	GlobalSection(ExtensibilityGlobals) = postSolution
		SolutionGuid = {47B4F320-1255-4673-BE86-9320C40C0058}
	EndGlobalSection
EndGlobal
